version = 1
revision = 3
requires-python = ">=3.12"

[[package]]
name = "fable-actor"
version = "0.1.0"
source = { virtual = "." }
dependencies = [
    { name = "fable-library" },
]

[package.metadata]
requires-dist = [{ name = "fable-library", specifier = ">=5.19.0" }]

[[package]]
name = "fable-library"
version = "5.19.0"
source = { registry = "https://pypi.org/simple" }
sdist = { url = "https://files.pythonhosted.org/packages/a6/c9/13268bae63e9a7e0e302503f0c50b562a3671ce55baae27890c9771d26f3/fable_library-5.19.0.tar.gz", hash = "sha256:8b918f47aa3e48d8d69cbaae46dcc72a31b627b78f818e3fd8e1c3b3601d1993", size = 249385, upload-time = "2026-10-03T15:03:47.719Z" }
wheels = [
    { url = "https://files.pythonhosted.org/packages/26/aa/0c925fa7fab4489a01367948d0c543327335443943f98fa114f48a9c4819/fable_library-5.19.0-cp312-cp312-macosx_10_12_x86_64.whl", hash = "sha256:3680c610b69c510c5f54db3fc7b3521e985bc2eb64ba276a857a750a361113e4", size = 1406666, upload-time = "2026-10-03T15:02:02.452Z" },
    { url = "https://files.pythonhosted.org/packages/f0/a4/8159599ebc3ac74eb5b3dc4847108c527590e76b9c00edac09b6a7793b10/fable_library-5.19.0-cp312-cp312-macosx_11_0_arm64.whl", hash = "sha256:4fda71f581af2d0cc8bd3ac97ab4b67ef06a71f9290343be69fe46209024f3b9", size = 1313863, upload-time = "2026-10-03T15:02:04.052Z" },
    { url = "https://files.pythonhosted.org/packages/96/74/a45791fe4bd360351d0665c2ab1db86d2f85b8ab1402f2ecd9731a93c148/fable_library-5.19.0-cp312-cp312-manylinux_2_17_aarch64.manylinux2014_aarch64.whl", hash = "sha256:78820d378900b19aede76b7be2d4774fd0fb1f7fb66f0dbba406b931728c332a", size = 1351973, upload-time = "2026-10-03T15:02:05.434Z" },
    { url = "https://files.pythonhosted.org/packages/9f/57/231dbf9615509926acf146d59388c986d4c198e28f2d1fb31fa7431742a4/fable_library-5.19.0-cp312-cp312-manylinux_2_17_armv7l.manylinux2014_armv7l.whl", hash = "sha256:b6eed22f2e89c55aab8044fc1d38e7f9f3a0f9a0e6c2fdee7c314210a00773dd", size = 1335299, upload-time = "2026-10-03T15:02:06.759Z" },
    { url = "https://files.pythonhosted.org/packages/a0/ef/455dd0a3605b87fd729d4928d1f87e7b43c10f1b42bbd56248544572e452/fable_library-5.19.0-cp312-cp312-manylinux_2_17_ppc64le.manylinux2014_ppc64le.whl", hash = "sha256:df70e223d0af5ab0bf53b83e0758f2053f45d828fe169ff42d441c53ff687fd2", size = 1476070, upload-time = "2026-10-03T15:02:08.265Z" },
    { url = "https://files.pythonhosted.org/packages/ab/9e/447c48d1a4fded29d7e9b8756ab77a21946df02409b5ca1327bb5c87184b/fable_library-5.19.0-cp312-cp312-manylinux_2_17_s390x.manylinux2014_s390x.whl", hash = "sha256:d5429337e9444c390be023201e82fe39d3b3f2d5512196aacbca05d2be80e5d7", size = 1501223, upload-time = "2026-10-03T15:02:09.735Z" },
    { url = "https://files.pythonhosted.org/packages/18/63/30351d76b109c7380de2002f55c93304393adefba0e8f72d6ee5771f2124/fable_library-5.19.0-cp312-cp312-manylinux_2_17_x86_64.manylinux2014_x86_64.whl", hash = "sha256:c994adb79cce4a43407ab57dc025f90dab94ee654e1bc364b4f69309d95ae288", size = 1424808, upload-time = "2026-10-03T15:02:11.289Z" },
    { url = "https://files.pythonhosted.org/packages/b2/c8/1fd3b8119fb0ad596cb97cba873078c429cbd6c00901c01cb6c69be4e2af/fable_library-5.19.0-cp312-cp312-manylinux_2_5_i686.manylinux1_i686.whl", hash = "sha256:da8541df88f456edfc7b394077f50a57c3a455ab22a2f0144a2d0897031bf98a", size = 1453602, upload-time = "2026-10-03T15:02:12.742Z" },
    { url = "https://files.pythonhosted.org/packages/39/f8/5c3571c246f4852cf534616f4d56d29fa561eb34ffeec12e581beb254ae5/fable_library-5.19.0-cp312-cp312-musllinux_1_2_aarch64.whl", hash = "sha256:e2094ded91e57489f5cee99736350b73d250d35124aee6389f1109ba9c8f3337", size = 1531695, upload-time = "2026-10-03T15:02:14.41Z" },
    { url = "https://files.pythonhosted.org/packages/27/dc/eeeb4687401626ddf83b866f0fd265418b23c3218ee22c277789bcd7fe81/fable_library-5.19.0-cp312-cp312-musllinux_1_2_armv7l.whl", hash = "sha256:7e057956edb38c90b014a2b04becd9d07483ab23660a5d87482a7b61884c05c4", size = 1612045, upload-time = "2026-10-03T15:02:16.07Z" },
    { url = "https://files.pythonhosted.org/packages/89/26/00765fa18b173a3ea81ad47b5d1681f4ce8f6b71f1a774f1300b6b7abb81/fable_library-5.19.0-cp312-cp312-musllinux_1_2_i686.whl", hash = "sha256:2e18d2fcea6e3201c73450023d54893953d368f8692785a9f8b24143f04c4e76", size = 1636584, upload-time = "2026-10-03T15:02:17.385Z" },
    { url = "https://files.pythonhosted.org/packages/5a/66/e88166cfb62401e2c01068d43bdfc42b0dc508e8afd285eff4a21607b70a/fable_library-5.19.0-cp312-cp312-musllinux_1_2_x86_64.whl", hash = "sha256:a5ad12f9cf2ec841265815958cbcb3e78c7cba9557425e7d33d18d4effb9c6d0", size = 1651566, upload-time = "2026-10-03T15:02:18.847Z" },
    { url = "https://files.pythonhosted.org/packages/f0/35/b1aedfa1f845a1aae3a9a5e64a953fd601201c30e83951406dfb4da77162/fable_library-5.19.0-cp312-cp312-win_amd64.whl", hash = "sha256:591edefca445f350a4b1aeec272541eb522c4b27fef2cd41abf5b67b87575f2e", size = 1419953, upload-time = "2026-10-03T15:02:20.277Z" },
    { url = "https://files.pythonhosted.org/packages/08/59/8a74500a8ea29db647337d9e34ad373b0644f1a5a95ba11a649967072523/fable_library-5.19.0-cp313-cp313-macosx_10_12_x86_64.whl", hash = "sha256:18a324500466f94e316f1930d4d51b70d52bca0c554b7f14647fa983026b31f9", size = 1407360, upload-time = "2026-10-03T15:02:21.621Z" },
    { url = "https://files.pythonhosted.org/packages/04/06/9a9f3874742c81b5732e1367792be17503a574a5d092fe9c4f3cedb2d1c0/fable_library-5.19.0-cp313-cp313-macosx_11_0_arm64.whl", hash = "sha256:f090eac1c12515275ca6fc613136470c23ef0acff52d0b2ef7f0000f99aa9035", size = 1314027, upload-time = "2026-10-03T15:02:22.943Z" },
    { url = "https://files.pythonhosted.org/packages/b7/34/de37d559522dd385513311008866e16a8b76e64db39fabd0331faa51c3b0/fable_library-5.19.0-cp313-cp313-manylinux_2_17_aarch64.manylinux2014_aarch64.whl", hash = "sha256:e89fef4a29d3bdd2a76c7ec044828b09cde29571a891acd348d4493d2bf80b77", size = 1352337, upload-time = "2026-10-03T15:02:24.41Z" },
    { url = "https://files.pythonhosted.org/packages/26/c9/a5f8cc6bff20acdeaf839e8061902e54c8b81194c96c225823c159f97f12/fable_library-5.19.0-cp313-cp313-manylinux_2_17_armv7l.manylinux2014_armv7l.whl", hash = "sha256:9928e7ad7ec6c72e332ca59803a4e46dba6b32cad88484bbbcd65b1bb39ef416", size = 1335203, upload-time = "2026-10-03T15:02:25.783Z" },
    { url = "https://files.pythonhosted.org/packages/22/00/9026da0c5703195f6f0ef33a334642b266eda6994e6bea859799b920da6d/fable_library-5.19.0-cp313-cp313-manylinux_2_17_ppc64le.manylinux2014_ppc64le.whl", hash = "sha256:6acaa8f1362049c7294c8f4542dddb17609b935f61afebb25166bc1d5dcb7539", size = 1476410, upload-time = "2026-10-03T15:02:27.176Z" },
    { url = "https://files.pythonhosted.org/packages/57/96/5bb68cf6d23d0d1d6197d7c2fc86950b862e4de9d4d1ea7a76376a3431e9/fable_library-5.19.0-cp313-cp313-manylinux_2_17_s390x.manylinux2014_s390x.whl", hash = "sha256:aea95b79ce4db23211dd4fc574a1ac113f7de586b16b36c0673c897a2b3b3dfc", size = 1500926, upload-time = "2026-10-03T15:02:28.587Z" },
    { url = "https://files.pythonhosted.org/packages/2c/2a/5af986781b0eababc6c695485f88d9cbbb453b13bc09a8a58e7be8ae040d/fable_library-5.19.0-cp313-cp313-manylinux_2_17_x86_64.manylinux2014_x86_64.whl", hash = "sha256:89b79345386a85fd1238eba540135420a080e21d0e5f4983e5dd132b736124e8", size = 1425743, upload-time = "2026-10-03T15:02:29.904Z" },
    { url = "https://files.pythonhosted.org/packages/b5/5e/48a25037c2d38b95dd8c6fcecdecb7de30f40849df4c08b27a8f49e463bb/fable_library-5.19.0-cp313-cp313-manylinux_2_5_i686.manylinux1_i686.whl", hash = "sha256:8496d94e81a3e5a1646adc44804cbd569c7007efd78dcb247305c4ea20b640bf", size = 1453797, upload-time = "2026-10-03T15:02:31.352Z" },
    { url = "https://files.pythonhosted.org/packages/fc/5b/50220af8670cfc0fa8389665a928d75a056b06087e774bb04e49ce43b22b/fable_library-5.19.0-cp313-cp313-musllinux_1_2_aarch64.whl", hash = "sha256:6afbe74f1ac016243a36eeae281054108ee2a82e4cb85e78eb9f43c430b7f811", size = 1532049, upload-time = "2026-10-03T15:02:33.054Z" },
    { url = "https://files.pythonhosted.org/packages/af/56/603affe3e85f5a547f0ecd4f075d3027559f747f2e607b7b203eb3272403/fable_library-5.19.0-cp313-cp313-musllinux_1_2_armv7l.whl", hash = "sha256:33906878a15144ff322657ad5f0871d5f193746daaf00d35247dfcce584e2387", size = 1611635, upload-time = "2026-10-03T15:02:34.775Z" },
    { url = "https://files.pythonhosted.org/packages/3a/87/95e247de1f6b99980bd66b069f6a1a38875112630d7f489f160cc778431e/fable_library-5.19.0-cp313-cp313-musllinux_1_2_i686.whl", hash = "sha256:4bc6dff68299405d37ded2642eba6fff7406edec0c05b1e2bc18a93a1e9621d5", size = 1638739, upload-time = "2026-10-03T15:02:36.307Z" },
    { url = "https://files.pythonhosted.org/packages/b0/b8/884ff6f1ed252092d8d09bda2068c4a9f8e29ad9d250d067f9f6f45216b8/fable_library-5.19.0-cp313-cp313-musllinux_1_2_x86_64.whl", hash = "sha256:1994b0785bbade97c010c5b191d83c49b88dab158c2acf392895fd61fe3d55eb", size = 1652335, upload-time = "2026-10-03T15:02:37.795Z" },
    { url = "https://files.pythonhosted.org/packages/d1/27/754db80236945849554bfe198e0bd49e600299d33b43309acbd645fb9037/fable_library-5.19.0-cp313-cp313-win_amd64.whl", hash = "sha256:999fa20470da58468effa59293f54b26139cf48713171b293752b6c08c7fee74", size = 1422823, upload-time = "2026-10-03T15:02:39.581Z" },
    { url = "https://files.pythonhosted.org/packages/25/75/5083a52f76af8020d938cbbcf1c0b10269cae29bde5f0e788b2cbd8695cb/fable_library-5.19.0-cp314-cp314-macosx_10_12_x86_64.whl", hash = "sha256:9273b40f1d58d89c5ed580a07d379d5bc650b439bb56cafa93f0a6049962eded", size = 1408266, upload-time = "2026-10-03T15:02:41.113Z" },
    { url = "https://files.pythonhosted.org/packages/ac/82/a67641ed6e3660119c82d55c8b1f26d7d0ff629b8d920e19dae041bf99eb/fable_library-5.19.0-cp314-cp314-macosx_11_0_arm64.whl", hash = "sha256:b41f94e462a193e12a67fea5b4ffd68d4b50958d20a75355fe0dcb47adb8113d", size = 1314170, upload-time = "2026-10-03T15:02:42.829Z" },
    { url = "https://files.pythonhosted.org/packages/27/71/7e929dfd163613d60ee493071cec64ced2e9ddcb4dd4935c6258f6b4cdf4/fable_library-5.19.0-cp314-cp314-manylinux_2_17_aarch64.manylinux2014_aarch64.whl", hash = "sha256:11aef7971316849b2de7706d0fea32399f14ed4459e3f72721a4aa3571d97392", size = 1352434, upload-time = "2026-10-03T15:02:44.899Z" },
    { url = "https://files.pythonhosted.org/packages/0d/57/01236b0c719d5a2759c4a30424ddd365be8404b5ded3efc96dd74723d8b1/fable_library-5.19.0-cp314-cp314-manylinux_2_17_armv7l.manylinux2014_armv7l.whl", hash = "sha256:49681bd14524a7573790b7d34436db3f540350972e3daa62c7b519904ec9e545", size = 1335313, upload-time = "2026-10-03T15:02:47.006Z" },
    { url = "https://files.pythonhosted.org/packages/d3/ea/974130475b57a72f0eb49d9133e4236767a43535c2559ac5a358a18f74e5/fable_library-5.19.0-cp314-cp314-manylinux_2_17_ppc64le.manylinux2014_ppc64le.whl", hash = "sha256:0a73e3edf15d805410faea964e666b06e673716573adc9de4f01efffbf735ce0", size = 1476810, upload-time = "2026-10-03T15:02:48.835Z" },
    { url = "https://files.pythonhosted.org/packages/e1/f7/d754d7bb5d7b4637646d8579b48d6daf687989aaaf7591bc998a37e79c7f/fable_library-5.19.0-cp314-cp314-manylinux_2_17_s390x.manylinux2014_s390x.whl", hash = "sha256:5f4dbbdb6aa9757468083f34db530092e710a14f756dde3585ad4d3e9702de89", size = 1501445, upload-time = "2026-10-03T15:02:50.779Z" },
    { url = "https://files.pythonhosted.org/packages/8b/28/455adc0e609c7e9e21559203f7886613a0a379a9b408d6428f7015d9ac74/fable_library-5.19.0-cp314-cp314-manylinux_2_17_x86_64.manylinux2014_x86_64.whl", hash = "sha256:822dbe47fa63b1c700ddc521b0a9dae73d0232a88a5b2ff82cbc4f2e9cca70e8", size = 1426663, upload-time = "2026-10-03T15:02:52.44Z" },
    { url = "https://files.pythonhosted.org/packages/fd/94/2ee9f2bb709204ec97c2d426900cdd33ba91694221f389ca212853e70f61/fable_library-5.19.0-cp314-cp314-manylinux_2_5_i686.manylinux1_i686.whl", hash = "sha256:1295dda6ebb5cf17a3bd9be74f383ab21f5e0d8f89caf1d4617dfff2f2d33adf", size = 1454555, upload-time = "2026-10-03T15:02:53.921Z" },
    { url = "https://files.pythonhosted.org/packages/5e/cb/1f129c5c368f1ca87702892839f2cd642acc58b1f675b30a05e9056bb0a5/fable_library-5.19.0-cp314-cp314-musllinux_1_2_aarch64.whl", hash = "sha256:985c1293ea3867897e185de350a483050e0ab985e24467c4f93a63e84324c3a3", size = 1532869, upload-time = "2026-10-03T15:02:55.547Z" },
    { url = "https://files.pythonhosted.org/packages/24/05/9d32e07db06f6396611f412b3032c93493da54b4b760fc63f20db07611e3/fable_library-5.19.0-cp314-cp314-musllinux_1_2_armv7l.whl", hash = "sha256:1d96128c4e8d8dc99a8d5483a96231b1a356037b6d906e4b4fc9ed662719e803", size = 1612101, upload-time = "2026-10-03T15:02:57.154Z" },
    { url = "https://files.pythonhosted.org/packages/9e/35/78f812e0e7b0810c0d079d50174915a612290ceb830fdedccca9148ccb12/fable_library-5.19.0-cp314-cp314-musllinux_1_2_i686.whl", hash = "sha256:23c1d77e5d76c5ebf62d9bcccff57f16726ef0f0715b28e97ea15c3632d19cdf", size = 1639222, upload-time = "2026-10-03T15:02:58.689Z" },
    { url = "https://files.pythonhosted.org/packages/2b/f4/deda8192e2df1f01e85274df60f7454449d848944e8b32ff01f647590207/fable_library-5.19.0-cp314-cp314-musllinux_1_2_x86_64.whl", hash = "sha256:dd21f2a8e745128566f570d7049d1307a8bb58229970ba985e66550b96863a9b", size = 1653478, upload-time = "2026-10-03T15:03:00.276Z" },
    { url = "https://files.pythonhosted.org/packages/eb/4d/9d69567bbee490276def5b4c120f9d7a17978a685466ae9c5db896c96f49/fable_library-5.19.0-cp314-cp314-win32.whl", hash = "sha256:906a5231583b544eb24bbe1dd9b471e39790d7790aecf00b70258c6c5eba6e2e", size = 1272048, upload-time = "2026-10-03T15:03:02.033Z" },
    { url = "https://files.pythonhosted.org/packages/0b/10/12107d8d4bb0340ec1c777813f8c1223a46217649dc634995c6a83b87c5f/fable_library-5.19.0-cp314-cp314-win_amd64.whl", hash = "sha256:8e34f1227afb41af900486f5ca82bcd11bdb0000d70d4189037028e96473c0ae", size = 1421818, upload-time = "2026-10-03T15:03:04.653Z" },
    { url = "https://files.pythonhosted.org/packages/d7/08/252993cf1c4010fe345301c7343c4a0bba01db5a392120f12d7ba611d5ec/fable_library-5.19.0-cp314-cp314t-manylinux_2_17_aarch64.manylinux2014_aarch64.whl", hash = "sha256:7f491e17527828c6da0b1bb51dc174eafe0ead69e36d3f90ec424189bd27cab5", size = 1356921, upload-time = "2026-10-03T15:03:06.33Z" },
    { url = "https://files.pythonhosted.org/packages/f2/f0/d46f7e42d2fdc9fd3eafbb4375d585519ede7fa640cc98714e795c68330a/fable_library-5.19.0-cp314-cp314t-manylinux_2_17_armv7l.manylinux2014_armv7l.whl", hash = "sha256:5494153051c0054ccdf3bd610e7d90a1363ffead19599f1435529e6c9c823536", size = 1335835, upload-time = "2026-10-03T15:03:08.089Z" },
    { url = "https://files.pythonhosted.org/packages/0e/04/97e318f2ddb9cb24560e89f99ed80788ded6758bdc966db8f1ff540bc77c/fable_library-5.19.0-cp314-cp314t-manylinux_2_17_ppc64le.manylinux2014_ppc64le.whl", hash = "sha256:7494b5eef1927c084ede2a31e45be95ac1154dc725dd60219bb8e2591bbe9f33", size = 1483829, upload-time = "2026-10-03T15:03:09.715Z" },
    { url = "https://files.pythonhosted.org/packages/d0/61/b3d6faa467d82f831bb5c38c58e7a0253beead24fea67070ceb51b9ed948/fable_library-5.19.0-cp314-cp314t-manylinux_2_17_s390x.manylinux2014_s390x.whl", hash = "sha256:f4dcc086acebf53da66b35dc3132b7e77cc21ad11f5a17015230d092198afc9a", size = 1507820, upload-time = "2026-10-03T15:03:11.463Z" },
    { url = "https://files.pythonhosted.org/packages/bf/7b/613b170445fdd35f66ab9ede78f48e035a2223aa05cc6b4d39024b5cf699/fable_library-5.19.0-cp314-cp314t-manylinux_2_17_x86_64.manylinux2014_x86_64.whl", hash = "sha256:650e5705db835dbb6df5ddb717d4c14c65c2ded88b00ad099047d3aaa8fee419", size = 1432473, upload-time = "2026-10-03T15:03:13.068Z" },
    { url = "https://files.pythonhosted.org/packages/19/41/6ca7a3d2a49aec591819a4af982c397bb20c576cfc8ec5b03977d3998ab4/fable_library-5.19.0-cp314-cp314t-manylinux_2_5_i686.manylinux1_i686.whl", hash = "sha256:591e424fc0d0ca951a9c7eeebbba09de6984a9e44589fd659e48c22d6356233b", size = 1458175, upload-time = "2026-10-03T15:03:14.563Z" },
    { url = "https://files.pythonhosted.org/packages/78/4f/f91e5b4b57126621436e3653f18ee775762325aa3677a91d8e7ded7791fe/fable_library-5.19.0-cp314-cp314t-musllinux_1_2_aarch64.whl", hash = "sha256:c6fec3a3521172486546cbe553307a55885e367d84212a94b56a34ebf924522d", size = 1535753, upload-time = "2026-10-03T15:03:16.185Z" },
    { url = "https://files.pythonhosted.org/packages/c7/9a/b376089a81acac3fe3e32478663e3e3c65b88e600f52d124c69d8377cde0/fable_library-5.19.0-cp314-cp314t-musllinux_1_2_armv7l.whl", hash = "sha256:0da0663936c3436bfc80bf90bb08a1ee74d4fe0fcb18a335a9c673c68e85a1ad", size = 1612903, upload-time = "2026-10-03T15:03:17.832Z" },
    { url = "https://files.pythonhosted.org/packages/23/cc/5bc768b411517a93be38d3fbba097dfc2fb5b6f3630e0499a72f0e8dd501/fable_library-5.19.0-cp314-cp314t-musllinux_1_2_i686.whl", hash = "sha256:0a831b3506eb7c6860bfc9dc70a2b4c74810704a36b0335cccfbc2d3958dc484", size = 1647391, upload-time = "2026-10-03T15:03:19.563Z" },
    { url = "https://files.pythonhosted.org/packages/44/43/99ce0cdd25856e510e9bc7d6eedd5035051bbc8503c98460f935bc7ad407/fable_library-5.19.0-cp314-cp314t-musllinux_1_2_x86_64.whl", hash = "sha256:f5d4deeb4d308879f0cdfa4cd597d13cd3d8041cd1c9264e4c10888cdbd3e123", size = 1660953, upload-time = "2026-10-03T15:03:21.314Z" },
    { url = "https://files.pythonhosted.org/packages/ed/6c/8f5c973a996315de7ee3d97431aafbc78afdb82c4630dd41fb6e43019d99/fable_library-5.19.0-cp315-cp315-manylinux_2_17_x86_64.manylinux2014_x86_64.whl", hash = "sha256:9d69d1e94e84d9904651710a96050fe2cbe2d6efce71769c2356d7565ac8985a", size = 1426593, upload-time = "2026-10-03T15:03:22.899Z" },
    { url = "https://files.pythonhosted.org/packages/db/4d/b059cc8439e8ab609757e60fbd2e57f83f3020b0b02b664f55baac2e795d/fable_library-5.19.0-cp315-cp315-manylinux_2_5_i686.manylinux1_i686.whl", hash = "sha256:832c8ff9ffc6aef45985a057a21bb4ea0c7c262f7317f69a8f22bd20f29a00b6", size = 1454695, upload-time = "2026-10-03T15:03:24.52Z" },
    { url = "https://files.pythonhosted.org/packages/57/29/55fdfc6453843f3ff8ca76de712cb853fb17b87d110bbc2bf360d57a7cbe/fable_library-5.19.0-cp315-cp315t-manylinux_2_17_x86_64.manylinux2014_x86_64.whl", hash = "sha256:364f7413b4ba2638a35eb5ae038fe89f7216eb07d864a9afe3f9721ed2ea778a", size = 1432570, upload-time = "2026-10-03T15:03:26.168Z" },
    { url = "https://files.pythonhosted.org/packages/1c/9d/456a5f27a6ad7193b85285832d2ea63ed7af058dd465482ed4f10f40596f/fable_library-5.19.0-cp315-cp315t-manylinux_2_5_i686.manylinux1_i686.whl", hash = "sha256:ed6ddce1e0f5f3317cd533ec41c2732a374aa0331496d5669f574051abcf1260", size = 1458357, upload-time = "2026-10-03T15:03:27.888Z" },
]
