version = 1
revision = 3
requires-python = ">=3.12"

[[package]]
name = "fable-actor"
version = "0.1.0"
source = { virtual = "." }
dependencies = [
    { name = "fable-library" },
]

[package.metadata]
requires-dist = [{ name = "fable-library", specifier = ">=5.17.0" }]

[[package]]
name = "fable-library"
version = "5.17.0"
source = { registry = "https://pypi.org/simple" }
sdist = { url = "https://files.pythonhosted.org/packages/54/24/810b1997bbf10bc237b9565f706b870801d919960c53463ab61de7604a5f/fable_library-5.17.0.tar.gz", hash = "sha256:06f88916238e3c423f99cbc4f0a95881acd5de8e00aae1deff29c05ef42ffcd2", size = 248215, upload-time = "2026-09-08T12:08:04.726Z" }
wheels = [
    { url = "https://files.pythonhosted.org/packages/56/09/75381e8da08ba3bde5f52c88cc9594976485b776d605e2fa0acac1ad79be/fable_library-5.17.0-cp312-cp312-macosx_10_12_x86_64.whl", hash = "sha256:5885a57e173902eacf53460db3ff3aeefe52f4543c635f4a3294e6d820adada0", size = 1403730, upload-time = "2026-09-08T12:06:39.471Z" },
    { url = "https://files.pythonhosted.org/packages/32/63/42b37648efeee8329eb3eba758fefe3153e185972fd974b361a6b460862e/fable_library-5.17.0-cp312-cp312-macosx_11_0_arm64.whl", hash = "sha256:319991c944bb3a2a9a5836103606fe089479f4956f4331fb422e618a24791fcf", size = 1311977, upload-time = "2026-09-08T12:06:40.599Z" },
    { url = "https://files.pythonhosted.org/packages/0d/04/f48bc0539679b574d40a63c7f75f329d5bf40d3381e58bd764ebd923ae80/fable_library-5.17.0-cp312-cp312-manylinux_2_17_aarch64.manylinux2014_aarch64.whl", hash = "sha256:c7527092f47210b0f3467db790f5cf169274afc8078fde9424a2acbe61ae17c1", size = 1360587, upload-time = "2026-09-08T12:06:41.815Z" },
    { url = "https://files.pythonhosted.org/packages/c1/eb/ed477da2a3fa0f0967f54e5e26632ba1127bd35f8b40e522f51e74e836e2/fable_library-5.17.0-cp312-cp312-manylinux_2_17_armv7l.manylinux2014_armv7l.whl", hash = "sha256:714755547cf41dc71b9158a7fbaba1a2fbb34d4bbb4aa6d48e356e3e46f46271", size = 1341614, upload-time = "2026-09-08T12:06:43.226Z" },
    { url = "https://files.pythonhosted.org/packages/90/ad/e0d8bbca42f071db10fed943664044b722d5bc2d774156af0334e1605f95/fable_library-5.17.0-cp312-cp312-manylinux_2_17_ppc64le.manylinux2014_ppc64le.whl", hash = "sha256:8de59018a1f183ea5bd31d54f14a9f3925f674feeb3b1d35cbe0691ad5a424c7", size = 1485760, upload-time = "2026-09-08T12:06:44.639Z" },
    { url = "https://files.pythonhosted.org/packages/fb/5e/4243e68630e1c42453ed3fb0dcce40d414cd136e2854bc6637fbe2b600e6/fable_library-5.17.0-cp312-cp312-manylinux_2_17_s390x.manylinux2014_s390x.whl", hash = "sha256:bf2edf9d54847df727f3b013a1c48055a4b70171d3ece8ed3bb572003450f6f1", size = 1500730, upload-time = "2026-09-08T12:06:45.874Z" },
    { url = "https://files.pythonhosted.org/packages/ee/c6/0966c3a9c50bcfdc4403a63124f0e6fe775c99a9da237bc1cccea7e69359/fable_library-5.17.0-cp312-cp312-manylinux_2_17_x86_64.manylinux2014_x86_64.whl", hash = "sha256:99234858f6d06b434c7093fe6d93afcd8695f712e39f060340edee05589cdce1", size = 1431744, upload-time = "2026-09-08T12:06:47.11Z" },
    { url = "https://files.pythonhosted.org/packages/1a/b6/8e70f301dc4f38c1942c900af0e431618cf36e88004404c3d789ed92043b/fable_library-5.17.0-cp312-cp312-manylinux_2_5_i686.manylinux1_i686.whl", hash = "sha256:a2601fc614e072ff3db71d3f8f3038bccec1a440bd03a46a686d60a5009141a3", size = 1461599, upload-time = "2026-09-08T12:06:48.492Z" },
    { url = "https://files.pythonhosted.org/packages/dd/41/8acb8a6f106beb6f2b8f47e0dc11c22d4935d71c413131a56bbbf42106c4/fable_library-5.17.0-cp312-cp312-musllinux_1_2_aarch64.whl", hash = "sha256:56c33f6b893779419c2a26697bf1a71c7afe27791ae8a9bd250b676196e9e811", size = 1538064, upload-time = "2026-09-08T12:06:49.639Z" },
    { url = "https://files.pythonhosted.org/packages/66/a5/ef477c3cc63bab5327cfd8e531eee01a639fbd50bb005ecb9ce839b3c709/fable_library-5.17.0-cp312-cp312-musllinux_1_2_armv7l.whl", hash = "sha256:9fe227db6c2972d4050573c444622f4be85ce629a8f4d251b4f2c661cee71dce", size = 1619766, upload-time = "2026-09-08T12:06:51.109Z" },
    { url = "https://files.pythonhosted.org/packages/03/6d/be2981805d7c559605f60a9ef82f0253efb26856baa65bb8e380f5962abc/fable_library-5.17.0-cp312-cp312-musllinux_1_2_i686.whl", hash = "sha256:2492d0a514618491b63ca789e62e4278686faa4f243706a293cadce817f1763b", size = 1642479, upload-time = "2026-09-08T12:06:52.368Z" },
    { url = "https://files.pythonhosted.org/packages/31/07/6b66dc7e6cf259e057aa91474712f9f8463cbae9085b37d5bfa039b412ec/fable_library-5.17.0-cp312-cp312-musllinux_1_2_x86_64.whl", hash = "sha256:f1bef2c713968fd63b82bcc95a612083a0cd2c09da15b162501390c23e416fb4", size = 1661909, upload-time = "2026-09-08T12:06:53.752Z" },
    { url = "https://files.pythonhosted.org/packages/cd/5b/0e410ffab159f6d7719e8242f3fe47cb8099fb9be8dd34e8be4a3d8c1484/fable_library-5.17.0-cp312-cp312-win_amd64.whl", hash = "sha256:c2d8d7227aa03c5398dff7c6e66edd69d0f351ed5c84137df4486f4c0d355dc5", size = 1417095, upload-time = "2026-09-08T12:06:55.162Z" },
    { url = "https://files.pythonhosted.org/packages/f2/74/f7a4174bbf96281873d1ff56fe21acd8d8283c23a2a50fd28a296c1a67b4/fable_library-5.17.0-cp313-cp313-macosx_10_12_x86_64.whl", hash = "sha256:562a57bbb40e906a2fab38709b97a9fe8ea85c4ec2c1a12fe04ea07e6498ca88", size = 1404705, upload-time = "2026-09-08T12:06:56.462Z" },
    { url = "https://files.pythonhosted.org/packages/e6/e6/0ccd32f5ffb50dc391b37ed138e47f84a2b7a9e311cf9eed8d6a92e8bac0/fable_library-5.17.0-cp313-cp313-macosx_11_0_arm64.whl", hash = "sha256:7950db052395bc1eb15a91967535e18df4c34e7194969d16a13037c8ddb3090a", size = 1312381, upload-time = "2026-09-08T12:06:58.138Z" },
    { url = "https://files.pythonhosted.org/packages/11/2f/3b82e794f668cd898c68d9328f9bf762e32ba94d3c30e089b68f67856eca/fable_library-5.17.0-cp313-cp313-manylinux_2_17_aarch64.manylinux2014_aarch64.whl", hash = "sha256:23f284bafa8df4226f4ba0c4a934f9fa09174aac5d63cce0da4763af02ceaacf", size = 1360288, upload-time = "2026-09-08T12:06:59.384Z" },
    { url = "https://files.pythonhosted.org/packages/0f/54/d3c8d9ba5f49901f6167350986f41a17db9ec78530ed1539353929206a0b/fable_library-5.17.0-cp313-cp313-manylinux_2_17_armv7l.manylinux2014_armv7l.whl", hash = "sha256:1d176cc73b64814e46093869d5f804db55ca1de60bc11271833bf97cff687f4c", size = 1341620, upload-time = "2026-09-08T12:07:00.485Z" },
    { url = "https://files.pythonhosted.org/packages/0f/34/7a642389f9fb44cf8162577d64d233522f596c0c1a41463dee46840cab09/fable_library-5.17.0-cp313-cp313-manylinux_2_17_ppc64le.manylinux2014_ppc64le.whl", hash = "sha256:e05784e28f1811ded9576e3515f22a9757e8a6c5b47a6903b2517ef85782c595", size = 1486561, upload-time = "2026-09-08T12:07:01.779Z" },
    { url = "https://files.pythonhosted.org/packages/db/e1/86510586c0b73ac55bf45794990a2cf14c362f7b879582e039bb2e99bd94/fable_library-5.17.0-cp313-cp313-manylinux_2_17_s390x.manylinux2014_s390x.whl", hash = "sha256:bd0d3fee0a37bd13c3b5d61f150600e0222f77dccc65e27c53a7ebe261fa921c", size = 1500938, upload-time = "2026-09-08T12:07:02.855Z" },
    { url = "https://files.pythonhosted.org/packages/99/ab/18732147d8e5e9d901316beed00b479f7db0f25d792526b314c34a3b089c/fable_library-5.17.0-cp313-cp313-manylinux_2_17_x86_64.manylinux2014_x86_64.whl", hash = "sha256:72416b70d88605eafb8efc22aeff93e09076ef33c8199dedefdb09abacdc6361", size = 1432540, upload-time = "2026-09-08T12:07:04.177Z" },
    { url = "https://files.pythonhosted.org/packages/fb/ef/f20bba57b37bd3f1430187cb5249fd4bf6f8e9a399234c3271455d59ae2e/fable_library-5.17.0-cp313-cp313-manylinux_2_5_i686.manylinux1_i686.whl", hash = "sha256:c36f82a55ca6f4cd4c7f95ceb41312ad45a2f85079368baf41f1351d0e3251ca", size = 1461388, upload-time = "2026-09-08T12:07:05.355Z" },
    { url = "https://files.pythonhosted.org/packages/c6/df/2840ac92c2c41d666618e3a66e9a8b0815e1b1788af2da714567d6ec0caf/fable_library-5.17.0-cp313-cp313-musllinux_1_2_aarch64.whl", hash = "sha256:d1d7701397c1bce23ae2846ab4d6d5fda55c07fc481dec71c68ffaf37032fb03", size = 1538164, upload-time = "2026-09-08T12:07:06.609Z" },
    { url = "https://files.pythonhosted.org/packages/19/35/04712e5c86faea2e74cb8a5765fc669f2008611a75f102f85c04c19fa288/fable_library-5.17.0-cp313-cp313-musllinux_1_2_armv7l.whl", hash = "sha256:f2679fb826c0dca7d0d4a270b4c0e10ee6c3124a5052fc9e7b24d120e8f1ea5f", size = 1619605, upload-time = "2026-09-08T12:07:07.807Z" },
    { url = "https://files.pythonhosted.org/packages/d1/f0/a2eb6b791fd1c7a0d9b78c558c9f654c090cfa94ca276c0e956bddff8ee5/fable_library-5.17.0-cp313-cp313-musllinux_1_2_i686.whl", hash = "sha256:0ac3158308980be3ceede7c9bcf0a023ab4d82e7f56932f33b3be89d66b89289", size = 1645384, upload-time = "2026-09-08T12:07:09.286Z" },
    { url = "https://files.pythonhosted.org/packages/08/52/c1f3e5e5196dde22afc8dc289406416f9fa5cd5fd4da53063a2c346c6376/fable_library-5.17.0-cp313-cp313-musllinux_1_2_x86_64.whl", hash = "sha256:1bf3d7ec3093d93b01a965c6698dc2d183785d17159f69337460f334f88d5b56", size = 1662107, upload-time = "2026-09-08T12:07:10.475Z" },
    { url = "https://files.pythonhosted.org/packages/77/04/32bf9e738155ba337d50cb088e51a7b8410ad564d115ce0665f72dc9cc5f/fable_library-5.17.0-cp313-cp313-win_amd64.whl", hash = "sha256:c8005d23d5de58eda71cc65d76e3da1543e57386747980f8f6e40f4012bcbbb3", size = 1420172, upload-time = "2026-09-08T12:07:11.703Z" },
    { url = "https://files.pythonhosted.org/packages/2b/6a/8d4d3bb579e14572d8f8dccce091423200280b3430f1fb8c5b66329c8ca4/fable_library-5.17.0-cp314-cp314-macosx_10_12_x86_64.whl", hash = "sha256:b2807e83a1d05932969c1717b8f7cee21d190da4a3f7ab66dde412fd2f41da1f", size = 1405615, upload-time = "2026-09-08T12:07:13.025Z" },
    { url = "https://files.pythonhosted.org/packages/7c/88/50b61871f4d11df3cb5830359015cfa4e0e2a0f48c29cd61e26e3a2d40e8/fable_library-5.17.0-cp314-cp314-macosx_11_0_arm64.whl", hash = "sha256:a86859789604b29388f142d0af135b20e6eecf3a46769cf74d1d7e3987f3e93e", size = 1312119, upload-time = "2026-09-08T12:07:14.333Z" },
    { url = "https://files.pythonhosted.org/packages/c0/df/2e429e38a9f7274c28ee09e047dac5d2f8dc2d1e826b76b82f272442f631/fable_library-5.17.0-cp314-cp314-manylinux_2_17_aarch64.manylinux2014_aarch64.whl", hash = "sha256:9fdf3577beda6e3bc6df1f7114506321013dac73b23d9b62262e629ba2d94cfa", size = 1362137, upload-time = "2026-09-08T12:07:15.519Z" },
    { url = "https://files.pythonhosted.org/packages/76/df/1059a1e84d87c62c4bea048fe6de5286a67329d2553869353d805f52560d/fable_library-5.17.0-cp314-cp314-manylinux_2_17_armv7l.manylinux2014_armv7l.whl", hash = "sha256:f50b8e89fbc4a878ff0a0ca209544b6f77647a57032f2dd4ae4c4d85b46676ad", size = 1342823, upload-time = "2026-09-08T12:07:16.704Z" },
    { url = "https://files.pythonhosted.org/packages/ca/87/e9aea353e7794debb941782143dcf19f5deafa37e74516dc308b785ce6c7/fable_library-5.17.0-cp314-cp314-manylinux_2_17_ppc64le.manylinux2014_ppc64le.whl", hash = "sha256:bf2540f0e101bd998a64904c8dec94e84f32152596ced57728bee61efe1b0319", size = 1487606, upload-time = "2026-09-08T12:07:18.251Z" },
    { url = "https://files.pythonhosted.org/packages/8f/fd/58202a71abcd9e042c0fb7bdc629bec71cf03110856e070479df28ba7535/fable_library-5.17.0-cp314-cp314-manylinux_2_17_s390x.manylinux2014_s390x.whl", hash = "sha256:289e208474222629de336dd310e79b553b519e6f71710cee42e5317d02c0753e", size = 1501309, upload-time = "2026-09-08T12:07:19.411Z" },
    { url = "https://files.pythonhosted.org/packages/5e/ce/2f3b62d35aa5a904d03eae700278b2b0bd78f36b8120f4f7f9b518c8decd/fable_library-5.17.0-cp314-cp314-manylinux_2_17_x86_64.manylinux2014_x86_64.whl", hash = "sha256:c2bc2e00144d6ca20ff1329582c0da6750c57fa234ad7af33ec97ac608c221a3", size = 1433354, upload-time = "2026-09-08T12:07:20.653Z" },
    { url = "https://files.pythonhosted.org/packages/69/9d/4a3331dc55d498a5916f5a43244f4f2601247bfa15038cdfd0d4bd22842d/fable_library-5.17.0-cp314-cp314-manylinux_2_5_i686.manylinux1_i686.whl", hash = "sha256:2a0f35df7aee780a0b866e178664f01901febff2b16058452b3da7c08642aed7", size = 1462565, upload-time = "2026-09-08T12:07:21.964Z" },
    { url = "https://files.pythonhosted.org/packages/4a/9e/e90df477e338f6cb4104561e094f8f4bb8baba52bbc69ffa2e0c0458ddc1/fable_library-5.17.0-cp314-cp314-musllinux_1_2_aarch64.whl", hash = "sha256:a2a065041c4710cb7c8e9bf5cdb57a601f173d446fbc31d351be775e381a6675", size = 1538475, upload-time = "2026-09-08T12:07:23.452Z" },
    { url = "https://files.pythonhosted.org/packages/91/60/e88738a51bcdf1a5991afce0317500d3272239575356dc767f8e86eb3f97/fable_library-5.17.0-cp314-cp314-musllinux_1_2_armv7l.whl", hash = "sha256:0abe4568f8e194c08ffcef6f45b3eed63da45f346f2e2e115e1167e578b24dbb", size = 1620525, upload-time = "2026-09-08T12:07:24.818Z" },
    { url = "https://files.pythonhosted.org/packages/45/2b/465ee1892281ad17c2be1fc2ede487f49943c88278950c1a6dc2cb9aa657/fable_library-5.17.0-cp314-cp314-musllinux_1_2_i686.whl", hash = "sha256:428ab85d6a538c4bcc06df4add01b82b25ceb53279245cfb432c2e023210311b", size = 1646152, upload-time = "2026-09-08T12:07:26.598Z" },
    { url = "https://files.pythonhosted.org/packages/b8/99/02dd8152b25530fa7401a2f7cb7a5dfc2545e9a7998000d162febbed34cc/fable_library-5.17.0-cp314-cp314-musllinux_1_2_x86_64.whl", hash = "sha256:5c88b226680bf99b31270558fdc8c0eee374faf08a14a47bac0a06ffa98e354a", size = 1663039, upload-time = "2026-09-08T12:07:28.007Z" },
    { url = "https://files.pythonhosted.org/packages/00/f2/f7884161115722f415f4ddf2e7a23c960ce34a924fcf4097d21ed8e49467/fable_library-5.17.0-cp314-cp314-win32.whl", hash = "sha256:f9ed38a352bd4bc7f3a07a2a54cd556817176a6ca019a61db924a0c8a52f5f20", size = 1269898, upload-time = "2026-09-08T12:07:29.422Z" },
    { url = "https://files.pythonhosted.org/packages/37/61/aa756f815590b55e386ba343a17ffb35e5bd51ae276d3962ff444cef1431/fable_library-5.17.0-cp314-cp314-win_amd64.whl", hash = "sha256:78a111a07ad1a0edd991e1f12fdcfa48e35c607d8d9161313fd6becacb417aba", size = 1419096, upload-time = "2026-09-08T12:07:30.917Z" },
    { url = "https://files.pythonhosted.org/packages/b2/3e/8c22a31eee1766e93304c74cc63c01578f947512cf98f8b38c8ff98d5587/fable_library-5.17.0-cp314-cp314t-manylinux_2_17_aarch64.manylinux2014_aarch64.whl", hash = "sha256:bce0d71763d49c11ea464a8c935d829e223594f8e97d8fc0f8fc8c014439aaf2", size = 1365693, upload-time = "2026-09-08T12:07:32.124Z" },
    { url = "https://files.pythonhosted.org/packages/cb/1f/9d79543f198542d6a9cb6100ee9ea40da250f25c61a61fe98a17839131ab/fable_library-5.17.0-cp314-cp314t-manylinux_2_17_armv7l.manylinux2014_armv7l.whl", hash = "sha256:3b4929500e876a7a9c6bad2534a280a30d4af57ac9c58c6c656e4eebefbb9891", size = 1341509, upload-time = "2026-09-08T12:07:33.45Z" },
    { url = "https://files.pythonhosted.org/packages/af/50/5668de078b8ff774cf3a848812c7018aa0224f7b2fb07c2ec67039b82939/fable_library-5.17.0-cp314-cp314t-manylinux_2_17_ppc64le.manylinux2014_ppc64le.whl", hash = "sha256:dab5797c28203c261d5f3f4a1e3e34f3e791d5b746c7dc8834cfc5cd1e4d1f90", size = 1494980, upload-time = "2026-09-08T12:07:34.697Z" },
    { url = "https://files.pythonhosted.org/packages/92/7e/b0ca61ed0bae9af0fa73c448cc05ec3e45a306f643aa411b770710faa3e4/fable_library-5.17.0-cp314-cp314t-manylinux_2_17_s390x.manylinux2014_s390x.whl", hash = "sha256:74fdadd1266fae42464b088d54145e2877b2987b01f2b3402245da9d74e03463", size = 1508674, upload-time = "2026-09-08T12:07:35.859Z" },
    { url = "https://files.pythonhosted.org/packages/2a/10/caacbe86731b9067e2f88a82f8ae66f6fb9bfe72495c8df7d6cc2efba953/fable_library-5.17.0-cp314-cp314t-manylinux_2_17_x86_64.manylinux2014_x86_64.whl", hash = "sha256:dc4d46dfbcd5231ca0adb046e8fc58d5431adfcd6952e6f6baedc5eb459ae809", size = 1442898, upload-time = "2026-09-08T12:07:37.039Z" },
    { url = "https://files.pythonhosted.org/packages/bf/b3/306c7b3995e157a3556b1e6f8972d48fbe8def02110f95d6cc734ca77026/fable_library-5.17.0-cp314-cp314t-manylinux_2_5_i686.manylinux1_i686.whl", hash = "sha256:430d7f6e70833f0c85e7b56cb71f42a47ed62cfc3eca5e0361628189c4c264f9", size = 1466301, upload-time = "2026-09-08T12:07:38.442Z" },
    { url = "https://files.pythonhosted.org/packages/98/3e/de9d5ae1b7e4efc0a14905fa560e94b23a2a2dfca63993e6f52efa5ba2a0/fable_library-5.17.0-cp314-cp314t-musllinux_1_2_aarch64.whl", hash = "sha256:0ba9f726a3e36ef06a14d25745c808bbc49f64abf310e94dd365da04f07260f6", size = 1544556, upload-time = "2026-09-08T12:07:39.981Z" },
    { url = "https://files.pythonhosted.org/packages/63/c6/7eb5bd0f66d3f6309e1b994bab830ff867bac5278b1b33737273e8043a06/fable_library-5.17.0-cp314-cp314t-musllinux_1_2_armv7l.whl", hash = "sha256:07208c7ce0f0132e08d50d6d3232888e8013daedddb5f8157bba492318d9d4d1", size = 1620162, upload-time = "2026-09-08T12:07:41.298Z" },
    { url = "https://files.pythonhosted.org/packages/46/a5/92889174b81817cebdebffd84fbbc8e7eec45f8ce115854fc08372ce8910/fable_library-5.17.0-cp314-cp314t-musllinux_1_2_i686.whl", hash = "sha256:6c8f216631cefd43fe532bc4a8a61e0418c6cd1526602edc8fd2844ed6613513", size = 1651675, upload-time = "2026-09-08T12:07:42.651Z" },
    { url = "https://files.pythonhosted.org/packages/4c/20/78b77839f445722e88fc70d3166d12d34aa7d564e04d4d65be38bae1efc3/fable_library-5.17.0-cp314-cp314t-musllinux_1_2_x86_64.whl", hash = "sha256:612aacb1e99a8c9aaa10d3ff4008d11e15325927105cf8abb09e3fc4655b26ad", size = 1673438, upload-time = "2026-09-08T12:07:43.956Z" },
    { url = "https://files.pythonhosted.org/packages/be/95/f48028baf5b1e01163bf43cb6d129aecc28a48ff2e9d1632e283b35af72e/fable_library-5.17.0-cp315-cp315-manylinux_2_17_x86_64.manylinux2014_x86_64.whl", hash = "sha256:904ede2e2b5b749d0f6aa83d395dc3ba4b890a6a8358263c6152b43c9d0ae61f", size = 1433282, upload-time = "2026-09-08T12:07:45.356Z" },
    { url = "https://files.pythonhosted.org/packages/db/3d/436252e908dfbe5d142dad717dba59865eb9db7b9f727f528ce2db60b70d/fable_library-5.17.0-cp315-cp315-manylinux_2_5_i686.manylinux1_i686.whl", hash = "sha256:dd4b08ab5f99259f9fd5a5dc0a9f0ea08484e9e02ab666cbd0dfa5e92a64d7c6", size = 1462783, upload-time = "2026-09-08T12:07:47.007Z" },
    { url = "https://files.pythonhosted.org/packages/c8/9d/76ad64d322778264935ea0d8bda66f31dc51c3eb7f6f90d83ed3ee306ede/fable_library-5.17.0-cp315-cp315t-manylinux_2_17_x86_64.manylinux2014_x86_64.whl", hash = "sha256:fd6c2e441a6b2ec404adacb1327b5056c64404ff9e1dca52b2cbebb0b664f571", size = 1442312, upload-time = "2026-09-08T12:07:48.376Z" },
    { url = "https://files.pythonhosted.org/packages/4b/28/32d762312923c96bc8a2c6e2897e206c4fb5f74043bc2b6806a9a8ba47ac/fable_library-5.17.0-cp315-cp315t-manylinux_2_5_i686.manylinux1_i686.whl", hash = "sha256:2dc9461bcb5a51e04c9010f7b3478b91c119ebc070e3ad2368b00b1de6c728af", size = 1466659, upload-time = "2026-09-08T12:07:49.778Z" },
]
