version = 1
revision = 3
requires-python = ">=3.12"

[[package]]
name = "fable-library"
version = "5.18.0"
source = { registry = "https://pypi.org/simple" }
sdist = { url = "https://files.pythonhosted.org/packages/46/75/dca1fece690048d6eb9966a11a2fb754045391b9c5c0c0ee377291570c8e/fable_library-5.18.0.tar.gz", hash = "sha256:ebfbcd8227377f6afcb655a08e77940b2cd4c95d2c02b6c4f11845234481ea9e", size = 248999, upload-time = "2026-09-25T22:21:02.85Z" }
wheels = [
    { url = "https://files.pythonhosted.org/packages/81/e7/2c2133b5e5eac20b4a6f1378156b5432f9c54578a9c9f5576938bb2819f3/fable_library-5.18.0-cp312-cp312-macosx_10_12_x86_64.whl", hash = "sha256:9f1d4ab75003ef1d8682183496be77589048b575c9be6b68a3549b80d641ec48", size = 1406661, upload-time = "2026-09-25T22:19:38.003Z" },
    { url = "https://files.pythonhosted.org/packages/13/22/63b46cac277d98f39811a793865620f33d3ee2965288133cd089013c3d7e/fable_library-5.18.0-cp312-cp312-macosx_11_0_arm64.whl", hash = "sha256:f88fade2d69260c2ae993eeaff00715c392d908a71bee40f84abc6d7098c18fd", size = 1313857, upload-time = "2026-09-25T22:19:39.18Z" },
    { url = "https://files.pythonhosted.org/packages/49/d7/94edc48f44293ac4a9b9a7d35602b8e966fffd76d8f7e5585df66f11e571/fable_library-5.18.0-cp312-cp312-manylinux_2_17_aarch64.manylinux2014_aarch64.whl", hash = "sha256:61cbd060f0c7bba94898f601295d0f3610f299d63d0949a5b8ceb437e7ec7265", size = 1362145, upload-time = "2026-09-25T22:19:40.313Z" },
    { url = "https://files.pythonhosted.org/packages/64/e5/3a39202e8fee252291ab1e2c0480fc16cf93bd5c690ccdf64f1f1b6ea6bc/fable_library-5.18.0-cp312-cp312-manylinux_2_17_armv7l.manylinux2014_armv7l.whl", hash = "sha256:b05f1b887c13055e5b1c50744ecad06e332005f7e6a8fcf88ef476e34888fc07", size = 1343817, upload-time = "2026-09-25T22:19:41.531Z" },
    { url = "https://files.pythonhosted.org/packages/cf/65/8e4a96de89b9efa11ae6d14930b72f7e2ced22081724b29fb10cb9e6efab/fable_library-5.18.0-cp312-cp312-manylinux_2_17_ppc64le.manylinux2014_ppc64le.whl", hash = "sha256:6e1b61065cb0869915250f70708ccb78252e5eddc9830edcede6287dced48f71", size = 1488557, upload-time = "2026-09-25T22:19:42.801Z" },
    { url = "https://files.pythonhosted.org/packages/69/d5/c4d26a5bbaf30ae6e164f250ff834d4a2eedc96fe19c4596f907949d98bb/fable_library-5.18.0-cp312-cp312-manylinux_2_17_s390x.manylinux2014_s390x.whl", hash = "sha256:76656246db91d59971eb236cd2f3433533415de8ee859dedcaf12f9fc2688f75", size = 1502651, upload-time = "2026-09-25T22:19:44.045Z" },
    { url = "https://files.pythonhosted.org/packages/03/b1/c6257788f2b1eab86f8139cf99d6ec07e70b7554ef56aca5be3090fc57db/fable_library-5.18.0-cp312-cp312-manylinux_2_17_x86_64.manylinux2014_x86_64.whl", hash = "sha256:179df74217a556a78a2df74832a3f6b7edd647d1031f222f46bc6ddb6b5a171f", size = 1433763, upload-time = "2026-09-25T22:19:45.346Z" },
    { url = "https://files.pythonhosted.org/packages/a0/8d/815750991b885334c8a463ebd5ab9b0c776d8965702924c26859d93c22f7/fable_library-5.18.0-cp312-cp312-manylinux_2_5_i686.manylinux1_i686.whl", hash = "sha256:f8df74c881ce63a1ce6f32cd802afe4353fd7e22483491bf67476077723ce282", size = 1463485, upload-time = "2026-09-25T22:19:47.19Z" },
    { url = "https://files.pythonhosted.org/packages/92/52/4885264e12703f6f3c4ae9e6e357c99cee1478a6b00be88dd490af351aba/fable_library-5.18.0-cp312-cp312-musllinux_1_2_aarch64.whl", hash = "sha256:5768d00e3b56c7003f6019d9434b4fc58ebd2f55125b7bc2325de8f76945f52a", size = 1540244, upload-time = "2026-09-25T22:19:48.381Z" },
    { url = "https://files.pythonhosted.org/packages/6b/68/a2aae35e946fe9489c0a6ecc2f1cebee91bf91ca2c954e8151328a753c1c/fable_library-5.18.0-cp312-cp312-musllinux_1_2_armv7l.whl", hash = "sha256:2a49718bf9f1dc00c9e1afd5c75793db4d7b7ca4d9deb7fd5ab19e4383416cd8", size = 1621870, upload-time = "2026-09-25T22:19:49.786Z" },
    { url = "https://files.pythonhosted.org/packages/68/02/6501e35df2884cffd0ea14830ccbb24a534dfa80777bf102a2950a754e3b/fable_library-5.18.0-cp312-cp312-musllinux_1_2_i686.whl", hash = "sha256:cb3935fdfea373f44cdf1400898f921c105954536d221a999a6e41bf24f356f0", size = 1644512, upload-time = "2026-09-25T22:19:51.201Z" },
    { url = "https://files.pythonhosted.org/packages/68/37/97789b767c58474a0766d55e1fa1a06a2054f18be5db4b1bea85deb638ec/fable_library-5.18.0-cp312-cp312-musllinux_1_2_x86_64.whl", hash = "sha256:bb94fb2a26d7b0e02c0d3eedc83c23faff690bb8ad4bfae7b4732be781a557d7", size = 1663576, upload-time = "2026-09-25T22:19:52.421Z" },
    { url = "https://files.pythonhosted.org/packages/75/76/ba0b307834699275eceb506dc2d0a8facdadd5c0697eacca5eca53084d3a/fable_library-5.18.0-cp312-cp312-win_amd64.whl", hash = "sha256:edbfdb05a806f881b65268fdd3a6d4b24a8c18c83a758473761e155b6df5d748", size = 1419946, upload-time = "2026-09-25T22:19:53.661Z" },
    { url = "https://files.pythonhosted.org/packages/8e/58/e23918c62147a1b9642af2a5c0cd8d368fa87ece5b26d7c6cd8e59269b85/fable_library-5.18.0-cp313-cp313-macosx_10_12_x86_64.whl", hash = "sha256:bb2c21d1883101fe652fa19481da3bc508e4f3fbb113d388a0aff312145af8b2", size = 1407354, upload-time = "2026-09-25T22:19:54.924Z" },
    { url = "https://files.pythonhosted.org/packages/0a/bb/3110f2e619a84c3afabe323eee2714d819023acfac11d74740304aaf89b0/fable_library-5.18.0-cp313-cp313-macosx_11_0_arm64.whl", hash = "sha256:53005374d630852f1f4816c4ccc1e12ffe7a3e2a69eb5e73b82689a2a291ef8d", size = 1314021, upload-time = "2026-09-25T22:19:56.209Z" },
    { url = "https://files.pythonhosted.org/packages/ba/e7/0adf16c86c96138576b17f2f29d6112a636bc6d23e99cc093ee488b572f3/fable_library-5.18.0-cp313-cp313-manylinux_2_17_aarch64.manylinux2014_aarch64.whl", hash = "sha256:3fffc653377d82ab6cc80c9c27525e622f7048ebac22e1f6704fbd252b29cca2", size = 1362104, upload-time = "2026-09-25T22:19:57.313Z" },
    { url = "https://files.pythonhosted.org/packages/07/5e/8f5f48a9bb7e585bee360524fe01dbb2d0b0517ce447dd485e5942e4f8cc/fable_library-5.18.0-cp313-cp313-manylinux_2_17_armv7l.manylinux2014_armv7l.whl", hash = "sha256:9889f71a72ae441e0cc2b3437420b07b58f660f3d2f251be9cc591bcad62cb54", size = 1343730, upload-time = "2026-09-25T22:19:58.793Z" },
    { url = "https://files.pythonhosted.org/packages/6e/57/ad14b7732f77899c3b503f852b6064e236f30beecc5e247c6778eaf5ea85/fable_library-5.18.0-cp313-cp313-manylinux_2_17_ppc64le.manylinux2014_ppc64le.whl", hash = "sha256:83af5015dc364f61a3a0823662625d7bdd4b90cf12bba680bdf253e999ff958d", size = 1489192, upload-time = "2026-09-25T22:19:59.89Z" },
    { url = "https://files.pythonhosted.org/packages/5f/b3/fa1a80d78b2064a73b85848afdcc743da0cec4b0d76965d25fb7c7715923/fable_library-5.18.0-cp313-cp313-manylinux_2_17_s390x.manylinux2014_s390x.whl", hash = "sha256:98778e9bcbc82bed3d55dc30017521775c61827a6bc44bfb6e1518a64563c18b", size = 1502381, upload-time = "2026-09-25T22:20:01.471Z" },
    { url = "https://files.pythonhosted.org/packages/19/e1/577e34e914aaa56edee934af18ce2bf2fe5dd35fb028b6e581323c3d5a28/fable_library-5.18.0-cp313-cp313-manylinux_2_17_x86_64.manylinux2014_x86_64.whl", hash = "sha256:6c2117be1aa90e59f3c36bcf53d6af5d796393df255a5395409cd3f2d28e7e46", size = 1434699, upload-time = "2026-09-25T22:20:02.713Z" },
    { url = "https://files.pythonhosted.org/packages/27/85/1c0cb0712751a28f109f6f1b6c4a80bf8dc96a12a467ed4b367620baf953/fable_library-5.18.0-cp313-cp313-manylinux_2_5_i686.manylinux1_i686.whl", hash = "sha256:85930132880eaab10fb33d509e9e26932bde289ff32de5480a343d2433a5d886", size = 1463586, upload-time = "2026-09-25T22:20:03.966Z" },
    { url = "https://files.pythonhosted.org/packages/98/a2/fc62785b2ce3cf39e7cc3231a71ef1521ddbc5d12aa708e4b256838df517/fable_library-5.18.0-cp313-cp313-musllinux_1_2_aarch64.whl", hash = "sha256:03adb2dc683a53a548f24b0c88e1052efbb86f2053f11c8430ee0e4e2f180245", size = 1539985, upload-time = "2026-09-25T22:20:05.215Z" },
    { url = "https://files.pythonhosted.org/packages/b5/95/36a49e1ec82950d5cef29d86a55fb84cf4db012a839f95d3cc09f7d7ed12/fable_library-5.18.0-cp313-cp313-musllinux_1_2_armv7l.whl", hash = "sha256:ad9909587eb869bc846e57fa6e4ed26e2154c8365af5dbcccf73dc0cc98d39bc", size = 1621795, upload-time = "2026-09-25T22:20:06.39Z" },
    { url = "https://files.pythonhosted.org/packages/e1/ac/cb3d2eb21228b4950cbc2688e7357fdd0bb4ef33b59e7baf9c7cff4b049e/fable_library-5.18.0-cp313-cp313-musllinux_1_2_i686.whl", hash = "sha256:426d9097075899258d54d970b2153e04e1b84f3e302426b215f4f63f7dc2955f", size = 1647133, upload-time = "2026-09-25T22:20:07.516Z" },
    { url = "https://files.pythonhosted.org/packages/7a/a2/ea919885b3cbc1e82565b943ad5fc83fd7d9d2a4f0afbd4612e5c0605b05/fable_library-5.18.0-cp313-cp313-musllinux_1_2_x86_64.whl", hash = "sha256:9f61c05a2dab0c03b0fd0fb51dc68e5d23e7ee877ccbb96eac257c1e1515babb", size = 1663937, upload-time = "2026-09-25T22:20:08.802Z" },
    { url = "https://files.pythonhosted.org/packages/63/d7/ff0f07f7daf644ea5d1a0df89005a7cb8bbd8c511d0e0a273a649a8de218/fable_library-5.18.0-cp313-cp313-win_amd64.whl", hash = "sha256:88530451f943c5e3efb66c977a1e614580f4739f24772f0ad4ba9e1b5b2ded79", size = 1422818, upload-time = "2026-09-25T22:20:10.072Z" },
    { url = "https://files.pythonhosted.org/packages/52/cc/c144b5203e4f22b1fa7edc0f2afdb663afa484741620aa9a85aad6d9f735/fable_library-5.18.0-cp314-cp314-macosx_10_12_x86_64.whl", hash = "sha256:1b7f829e1ec90d5c84545dc8b732f91f5b0b555d8ea462b0c5733d28867123ee", size = 1408259, upload-time = "2026-09-25T22:20:11.284Z" },
    { url = "https://files.pythonhosted.org/packages/f1/65/9c7449e03d96e1fc2cbcba1d55496cfd1ba3bf458e121bf8838092a200b5/fable_library-5.18.0-cp314-cp314-macosx_11_0_arm64.whl", hash = "sha256:fde09497f8b290b6be09214049424d618e46fd42a3ac1c649f15caf1f561d2ce", size = 1314163, upload-time = "2026-09-25T22:20:12.571Z" },
    { url = "https://files.pythonhosted.org/packages/a9/6a/9b441f9db31fbe152668b9ad46ae31dd31428872ea7d225cbbe020165fe5/fable_library-5.18.0-cp314-cp314-manylinux_2_17_aarch64.manylinux2014_aarch64.whl", hash = "sha256:692e73f1c32ccc2bd7785960089f05e7a6587af25ed26f27602430abc0d672d4", size = 1362108, upload-time = "2026-09-25T22:20:13.731Z" },
    { url = "https://files.pythonhosted.org/packages/7a/f1/b11995538a367730324dbaa202037ea39075a022e4c96965399d64868d69/fable_library-5.18.0-cp314-cp314-manylinux_2_17_armv7l.manylinux2014_armv7l.whl", hash = "sha256:0c568bbbd1caa1ce8505303b82686c9e4bcf07b868179341f865daa7e5ea84fa", size = 1344973, upload-time = "2026-09-25T22:20:14.851Z" },
    { url = "https://files.pythonhosted.org/packages/14/fc/039679ad1589d455995353ac1a84cdd2dae88163c9003ff5d61ef64acaff/fable_library-5.18.0-cp314-cp314-manylinux_2_17_ppc64le.manylinux2014_ppc64le.whl", hash = "sha256:315d605ebe71863434c6694e6b6a0d9d6b249bedf6bcd1d4ab6d9401e6fa9883", size = 1490119, upload-time = "2026-09-25T22:20:16.332Z" },
    { url = "https://files.pythonhosted.org/packages/56/84/407a361a32f9c2171b2bbd85011eb1a0ba20c7b4d7d8e78f4890b567c4a6/fable_library-5.18.0-cp314-cp314-manylinux_2_17_s390x.manylinux2014_s390x.whl", hash = "sha256:829d67f3930f0da213b4ff2d01177b9b83ec49907cdd62a18fa15b5655c46e73", size = 1502943, upload-time = "2026-09-25T22:20:17.502Z" },
    { url = "https://files.pythonhosted.org/packages/8a/1c/f71504478e68ac718db6fb501ffa977c241cf3f18095e589cd27b08cb7a7/fable_library-5.18.0-cp314-cp314-manylinux_2_17_x86_64.manylinux2014_x86_64.whl", hash = "sha256:d5e5be22b3f8d9c38811aee83c2a0143b452afe391b8a41532b529570710fed3", size = 1435500, upload-time = "2026-09-25T22:20:18.871Z" },
    { url = "https://files.pythonhosted.org/packages/fb/d3/28f2b0a1e543b2ecb6c5cf09171d417511a5addaae7aeea768bce33bcabd/fable_library-5.18.0-cp314-cp314-manylinux_2_5_i686.manylinux1_i686.whl", hash = "sha256:846ce8d97d803d47501ca655962b2d29eae2401fe19228406a7783d23e8a2ad3", size = 1464516, upload-time = "2026-09-25T22:20:20.174Z" },
    { url = "https://files.pythonhosted.org/packages/f9/6d/15ed71022f03df6d997df1a5c161780e9962d1d8eea199efde2442e5cdf0/fable_library-5.18.0-cp314-cp314-musllinux_1_2_aarch64.whl", hash = "sha256:a26a9c33cdf36ee00c24746724e57b6b4ea21a9d952069376a766b7a2437ae15", size = 1540285, upload-time = "2026-09-25T22:20:21.469Z" },
    { url = "https://files.pythonhosted.org/packages/65/70/e69a0b18c9cd73e7019aeca9e88fa40529563e9053e48d7b9e68982f2b2c/fable_library-5.18.0-cp314-cp314-musllinux_1_2_armv7l.whl", hash = "sha256:9ba868cce58b0e734bd2970af80d41b9f5c025fe8cb5487ea1807efaf8fc88c8", size = 1622623, upload-time = "2026-09-25T22:20:22.831Z" },
    { url = "https://files.pythonhosted.org/packages/2c/f1/d06381a90da8d348d90d164e8ce25f503e94a0a0b953fadf565f45eaa180/fable_library-5.18.0-cp314-cp314-musllinux_1_2_i686.whl", hash = "sha256:325790db536e15ed533bb22a350c27a48b83f939ab37b9c38900ef1a199bb56a", size = 1647751, upload-time = "2026-09-25T22:20:24.128Z" },
    { url = "https://files.pythonhosted.org/packages/6a/61/f9758063d3b124fd9b1576dfd99a8517fab5018a01ae125a55ee1b8baf17/fable_library-5.18.0-cp314-cp314-musllinux_1_2_x86_64.whl", hash = "sha256:3d5925255f5312d7bda75eb339af62d501d606251be89c0fe0d747369bf72b3e", size = 1664854, upload-time = "2026-09-25T22:20:25.476Z" },
    { url = "https://files.pythonhosted.org/packages/9f/d6/415d22b5ce9bdc38abe16845c5b6d70a2602f6bc21c421eb0227ef3130c3/fable_library-5.18.0-cp314-cp314-win32.whl", hash = "sha256:a325b87209ca66f10c1ed76c1a117c3111ec8599c6e6648cde1c998ba62d8b09", size = 1272042, upload-time = "2026-09-25T22:20:26.858Z" },
    { url = "https://files.pythonhosted.org/packages/82/72/fd94e359cc3d9676f74148faeb5771c6fc46532011954a3c225da9117677/fable_library-5.18.0-cp314-cp314-win_amd64.whl", hash = "sha256:fbfc2a047d99a9b303a758c311ab47f6cadbce564df9c29fb337375b9aadf5f2", size = 1421817, upload-time = "2026-09-25T22:20:28.124Z" },
    { url = "https://files.pythonhosted.org/packages/c3/8c/5860294d8d08fdffae85a998476ba55d5d2c22906030f1b24ec0e99abcc2/fable_library-5.18.0-cp314-cp314t-manylinux_2_17_aarch64.manylinux2014_aarch64.whl", hash = "sha256:ec81cceb726027c19d14f240059f6aa83afa18cee178532641fbb1ba8ba207ee", size = 1367313, upload-time = "2026-09-25T22:20:29.5Z" },
    { url = "https://files.pythonhosted.org/packages/38/a8/2f38f0555a77bb2aeb113f7baab4f564b89665be85a1977757367a931b81/fable_library-5.18.0-cp314-cp314t-manylinux_2_17_armv7l.manylinux2014_armv7l.whl", hash = "sha256:9cee353a4baffd7c9e7e657fb2a6fd251126e672469ba2408f23cf382aadcd5b", size = 1343361, upload-time = "2026-09-25T22:20:30.789Z" },
    { url = "https://files.pythonhosted.org/packages/8a/c8/a9b6745551b89af3a680850426f9c82b193ffeb1c811a0ba95f6494ecb82/fable_library-5.18.0-cp314-cp314t-manylinux_2_17_ppc64le.manylinux2014_ppc64le.whl", hash = "sha256:02dab19862f5c02cef8c5d28790198afed950c31e17bbaa81143390d9ec1b9d5", size = 1497483, upload-time = "2026-09-25T22:20:32.018Z" },
    { url = "https://files.pythonhosted.org/packages/f9/3d/50ac458ed93ca4acda42ff0c3b88e93657333bbc4a5917bf36cf0a4f8e00/fable_library-5.18.0-cp314-cp314t-manylinux_2_17_s390x.manylinux2014_s390x.whl", hash = "sha256:61775d93cc7ddd7720622e4b6c3cf4a1d7f76dedd98750d40ffb6760cd48cb88", size = 1511004, upload-time = "2026-09-25T22:20:33.274Z" },
    { url = "https://files.pythonhosted.org/packages/35/52/a13e8db38a0e982ecec7ce34e565cde4d65757d2af992b0847428aba0c0f/fable_library-5.18.0-cp314-cp314t-manylinux_2_17_x86_64.manylinux2014_x86_64.whl", hash = "sha256:827d1abf9108b332b5817592456a049f7dd56aacb9a9add8860bc2ae57466716", size = 1444960, upload-time = "2026-09-25T22:20:34.683Z" },
    { url = "https://files.pythonhosted.org/packages/7a/e3/10efc4959970bee21f634e83451ef9b17e36ed6974fd762842a3204eb8eb/fable_library-5.18.0-cp314-cp314t-manylinux_2_5_i686.manylinux1_i686.whl", hash = "sha256:4e61bfc005b3f46e14b14a2fd82717d5b750a4e286fce5243f6eae57a3fd9750", size = 1468503, upload-time = "2026-09-25T22:20:35.953Z" },
    { url = "https://files.pythonhosted.org/packages/e1/63/cc831e087baff81d7847e9b526188e61247eeafaba3890a1516d1948048a/fable_library-5.18.0-cp314-cp314t-musllinux_1_2_aarch64.whl", hash = "sha256:56270f35791417e8e4cd7571da237e8c27d34b2c56d6f19a57c5ada8ac98430d", size = 1546347, upload-time = "2026-09-25T22:20:37.202Z" },
    { url = "https://files.pythonhosted.org/packages/35/8b/f0a3bac8663aff3d73e47e5a53c30dd18e0a7f6bda17ff4b828da2a8c039/fable_library-5.18.0-cp314-cp314t-musllinux_1_2_armv7l.whl", hash = "sha256:43e4dd793617fd21a8bc7feca641478f9d8b75b237cec2e96884bb76ab9a95a9", size = 1621796, upload-time = "2026-09-25T22:20:38.44Z" },
    { url = "https://files.pythonhosted.org/packages/18/26/d4cde7fad00d590ee1e9f66ccb9f062fd5588f63055bfd2defa0f287dadf/fable_library-5.18.0-cp314-cp314t-musllinux_1_2_i686.whl", hash = "sha256:6fc10b49ff34425937683629b578498dfdbe494bf87772938e9c3e4d018c82ee", size = 1653636, upload-time = "2026-09-25T22:20:39.67Z" },
    { url = "https://files.pythonhosted.org/packages/79/c2/0e4690214db5e09d239a9f0272707a76f1152110f327680779542eb73313/fable_library-5.18.0-cp314-cp314t-musllinux_1_2_x86_64.whl", hash = "sha256:fdd8008b9ce9c4d6ef15a04bc0c7da12b94031c947e918d473c8a18a9cf92efd", size = 1675518, upload-time = "2026-09-25T22:20:40.969Z" },
    { url = "https://files.pythonhosted.org/packages/75/61/56c5b06bdb3585284043c0439838aaa68f86033d8fa389e8da3b8a764169/fable_library-5.18.0-cp315-cp315-manylinux_2_17_x86_64.manylinux2014_x86_64.whl", hash = "sha256:fb3efd6b22d36cd3c6872665bfcd9b8906dcc3e67a98bdf1bffcc18e95e55fd4", size = 1435549, upload-time = "2026-09-25T22:20:42.246Z" },
    { url = "https://files.pythonhosted.org/packages/0d/17/0e6d09faf9745013f926b6b3fc222956032f1acb95335e9b75a01b749f55/fable_library-5.18.0-cp315-cp315-manylinux_2_5_i686.manylinux1_i686.whl", hash = "sha256:685de1305b89f3967de238c32c8adaec268e49377dfdc7360c2ca31f0dc203cc", size = 1464775, upload-time = "2026-09-25T22:20:43.806Z" },
    { url = "https://files.pythonhosted.org/packages/b0/20/22c5162dbbfb501acbf809a1c671991beec5bcaf2225929940f2a08bba83/fable_library-5.18.0-cp315-cp315t-manylinux_2_17_x86_64.manylinux2014_x86_64.whl", hash = "sha256:14c9ecdff1e925794885b52edf2a35e9dafff133ce70c0c525977d14a195e9e1", size = 1445051, upload-time = "2026-09-25T22:20:45.328Z" },
    { url = "https://files.pythonhosted.org/packages/7d/4a/d7772fa84fdcfd399ff4a2dfbc104563dde21fba32efb08403fade6a0aee/fable_library-5.18.0-cp315-cp315t-manylinux_2_5_i686.manylinux1_i686.whl", hash = "sha256:3952b230fbc04906118e654490e69d47d3b25841f82ac385487979f46e8612df", size = 1468650, upload-time = "2026-09-25T22:20:46.712Z" },
]

[[package]]
name = "timeflies-python"
version = "0.1.0"
source = { virtual = "." }
dependencies = [
    { name = "fable-library" },
    { name = "tk" },
]

[package.metadata]
requires-dist = [
    { name = "fable-library", specifier = ">=5.18.0" },
    { name = "tk", specifier = ">=0.1.0" },
]

[[package]]
name = "tk"
version = "0.1.0"
source = { registry = "https://pypi.org/simple" }
sdist = { url = "https://files.pythonhosted.org/packages/a0/81/742b342fd642e672fbedecde725ba44db44e800dc4c936216c3c6729885a/tk-0.1.0.tar.gz", hash = "sha256:60bc8923d5d35f67f5c6bd93d4f0c49d2048114ec077768f959aef36d4ed97f8", size = 2247, upload-time = "2019-07-08T06:51:58.051Z" }
wheels = [
    { url = "https://files.pythonhosted.org/packages/1e/0b/029cbdb868bb555fed99bf6540fff072d500b3f895873709f25084e85e33/tk-0.1.0-py3-none-any.whl", hash = "sha256:703a69ff0d5ba2bd2f7440582ad10160e4a6561595d33457dc6caa79b9bf4930", size = 3879, upload-time = "2019-07-08T06:51:55.175Z" },
]
