version = 1
revision = 3
requires-python = ">=3.12"

[[package]]
name = "fable-library"
version = "5.20.0"
source = { registry = "https://pypi.org/simple" }
sdist = { url = "https://files.pythonhosted.org/packages/d0/0c/173e9c4bbd22d3063a0d451b739080d7de7e655215779e921b61141ea493/fable_library-5.20.0.tar.gz", hash = "sha256:272552e27f8904a0de70e2c0c90cf6b10709687d4ebf04e3e1aeb0409de5bd47", size = 249921, upload-time = "2026-10-07T19:25:32.64Z" }
wheels = [
    { url = "https://files.pythonhosted.org/packages/d4/b5/400accc83a35e0995278971676443d70fc1e051dcf70b2fca604ef9a951e/fable_library-5.20.0-cp312-cp312-macosx_10_12_x86_64.whl", hash = "sha256:d70d58ed49e466c1ba6f1a11d25585efaeac61f8583d9b917cb6e71c1fabbe42", size = 1407799, upload-time = "2026-10-07T19:23:59.042Z" },
    { url = "https://files.pythonhosted.org/packages/a2/ec/245070a43c6a834092322f9117f582f204725a4c097a75e48012fbe3412e/fable_library-5.20.0-cp312-cp312-macosx_11_0_arm64.whl", hash = "sha256:5255205b5008cfcbbd1e107b309ef1f75ae245d158a25b2714d717afc5959135", size = 1314966, upload-time = "2026-10-07T19:24:00.781Z" },
    { url = "https://files.pythonhosted.org/packages/3f/8a/03b8a6cad1f32a94ae7856e677ed918026a4f9007b90380544f80de1282c/fable_library-5.20.0-cp312-cp312-manylinux_2_17_aarch64.manylinux2014_aarch64.whl", hash = "sha256:65a3a9a18b4ab21e4393c9fcd1e7d60f84907bb9d11d464c986ca4d28991b1c4", size = 1352618, upload-time = "2026-10-07T19:24:02.078Z" },
    { url = "https://files.pythonhosted.org/packages/a2/4e/d831079e77b9919876d61544ea297e433faad679c80283cff5f8ebc60a81/fable_library-5.20.0-cp312-cp312-manylinux_2_17_armv7l.manylinux2014_armv7l.whl", hash = "sha256:997efaa7facac6339d5c86a36be17fa81552a6a318222200772dc129d515b741", size = 1335977, upload-time = "2026-10-07T19:24:03.557Z" },
    { url = "https://files.pythonhosted.org/packages/1c/f9/ff832df1ba6d8b8a1275a288d6b8802d2e780ab25f3e18e0798ab0d202e1/fable_library-5.20.0-cp312-cp312-manylinux_2_17_ppc64le.manylinux2014_ppc64le.whl", hash = "sha256:92f0f2974d5105c4f2c0dd1dd16aa51623e2877faba9669e32bd8ceafe3b165b", size = 1476936, upload-time = "2026-10-07T19:24:04.871Z" },
    { url = "https://files.pythonhosted.org/packages/d2/12/053d725ec71d9231aadb7a5f90ee0cf7e055edf156c5ff0c9a3acf9a0ca7/fable_library-5.20.0-cp312-cp312-manylinux_2_17_s390x.manylinux2014_s390x.whl", hash = "sha256:cdc1fbc53b201f3eef3649383b6a843f9302fb2fdbd6ebc360ddbd68c40d3a2d", size = 1502273, upload-time = "2026-10-07T19:24:06.112Z" },
    { url = "https://files.pythonhosted.org/packages/25/14/dd65aee75acc31a92ef00c9b008742e3d724459936bc0a50cb744ece7e5a/fable_library-5.20.0-cp312-cp312-manylinux_2_17_x86_64.manylinux2014_x86_64.whl", hash = "sha256:2eb8107a9ef013320f307d7018f7c6d55cf3284701c79159a3df68248ab29adb", size = 1425546, upload-time = "2026-10-07T19:24:07.335Z" },
    { url = "https://files.pythonhosted.org/packages/ff/ed/105a2e4a90429c4d2b11b4ed6d8b354a1477894fe521823f6f3dfc695566/fable_library-5.20.0-cp312-cp312-manylinux_2_5_i686.manylinux1_i686.whl", hash = "sha256:4a09158bf708a9e3497198ae24b3d694d8f6a50ad3f588fd1b585a8cd26bda72", size = 1454778, upload-time = "2026-10-07T19:24:08.674Z" },
    { url = "https://files.pythonhosted.org/packages/f3/4e/d395185ac64d3c97e8a55d4d280c76502a6e860705679d8b298d64ee70f7/fable_library-5.20.0-cp312-cp312-musllinux_1_2_aarch64.whl", hash = "sha256:ff97dde35a3a0a81d0ce48d484f7f9f2ea8246da464aa313260264c5c317112c", size = 1532365, upload-time = "2026-10-07T19:24:10.076Z" },
    { url = "https://files.pythonhosted.org/packages/fe/73/6e9baa090e1d05f47ca9e9b45615cde70680d10aefd765ed436447b256a5/fable_library-5.20.0-cp312-cp312-musllinux_1_2_armv7l.whl", hash = "sha256:ba7a681b4b7ecb3605d5110bb95d05b9ae67e7ccf0647ba32fc4594e7f3b5fb0", size = 1612668, upload-time = "2026-10-07T19:24:12.466Z" },
    { url = "https://files.pythonhosted.org/packages/6e/5f/78d95a5d7fca36c270c27668fed2f1ef358729232abef0675a265c0ca480/fable_library-5.20.0-cp312-cp312-musllinux_1_2_i686.whl", hash = "sha256:d00c355c4a676d12c2a1e5999ba856fca9e11f4d3b0bdcd30022c96c581f6507", size = 1637435, upload-time = "2026-10-07T19:24:13.786Z" },
    { url = "https://files.pythonhosted.org/packages/c7/a7/dd5b89bf6af2d7985864a75252bd8a12da7d019a4c17888865477409f2f9/fable_library-5.20.0-cp312-cp312-musllinux_1_2_x86_64.whl", hash = "sha256:5ad78a8620725eac2d06cd6f0c642bc6eb1ba9996df7341ce00ac8c871e25622", size = 1652776, upload-time = "2026-10-07T19:24:15.447Z" },
    { url = "https://files.pythonhosted.org/packages/8b/10/0a02c5f667765dfc9aeb4949b0b51feebafa1b029b85a9406fe1e21f8c87/fable_library-5.20.0-cp312-cp312-win_amd64.whl", hash = "sha256:28defcbced4cd79cc3be2b3b1a2050ffdd00a0f702175e00429fffb6faa62883", size = 1420302, upload-time = "2026-10-07T19:24:16.73Z" },
    { url = "https://files.pythonhosted.org/packages/d9/d4/e2978a1125867be5f0b435b835ce9f33dd1ce8eeb91282dac5e6829e49fe/fable_library-5.20.0-cp313-cp313-macosx_10_12_x86_64.whl", hash = "sha256:c21552441ac8f53527296ce383ef06d57d70060a62c620a1f28233c9aa201a78", size = 1408350, upload-time = "2026-10-07T19:24:18.42Z" },
    { url = "https://files.pythonhosted.org/packages/5b/87/85048f60f8e3013834ff3b35b5fd3e17699b7db14c02862ca80feadccd20/fable_library-5.20.0-cp313-cp313-macosx_11_0_arm64.whl", hash = "sha256:37766d01f16d53ab70a5d1013d3679f7a1c3e784b1e58c9a1d1834bd564950bc", size = 1315084, upload-time = "2026-10-07T19:24:19.68Z" },
    { url = "https://files.pythonhosted.org/packages/6b/30/e151eefd2065a0d41032a05b3ac9e21b0ed894d6cd49c87cfc7437b1adb7/fable_library-5.20.0-cp313-cp313-manylinux_2_17_aarch64.manylinux2014_aarch64.whl", hash = "sha256:9f63455785516f86f62d905bd71478caf303a048a95856cedea47674ee93a086", size = 1353372, upload-time = "2026-10-07T19:24:21.007Z" },
    { url = "https://files.pythonhosted.org/packages/7c/34/9f73c363e0273ff41fc1d0b3501cc8dfa5111a84df16d2377187801a645a/fable_library-5.20.0-cp313-cp313-manylinux_2_17_armv7l.manylinux2014_armv7l.whl", hash = "sha256:0d991b100a01f8dbe7b1dd51b7d90d7ae96e15cbbf67bbf2b7cab6fff9765277", size = 1336327, upload-time = "2026-10-07T19:24:22.575Z" },
    { url = "https://files.pythonhosted.org/packages/e2/58/d989f1620289a87b9e2565f9f9b775ab76529d3b0cad834f896e2b667c53/fable_library-5.20.0-cp313-cp313-manylinux_2_17_ppc64le.manylinux2014_ppc64le.whl", hash = "sha256:e701a1ac4f34e70dde66936c0b4d6a3d48036f608a3e82f044d8a6bfcf1007cf", size = 1477249, upload-time = "2026-10-07T19:24:23.703Z" },
    { url = "https://files.pythonhosted.org/packages/c0/62/380bbb786757134ba9d66c582458cf3e78ed47f86a14c89af3374e36ed8b/fable_library-5.20.0-cp313-cp313-manylinux_2_17_s390x.manylinux2014_s390x.whl", hash = "sha256:32ed6797a966abf4bc13578edd77c5359673f652f9935cce3138cf151557079a", size = 1502207, upload-time = "2026-10-07T19:24:25.102Z" },
    { url = "https://files.pythonhosted.org/packages/7f/d5/28d4292627dded733451df00bbe66065fee18b1942613f84f0522f5c8045/fable_library-5.20.0-cp313-cp313-manylinux_2_17_x86_64.manylinux2014_x86_64.whl", hash = "sha256:cf14117916320aa0f7a36ea686dad83fa695304b4ec4048d5d3aca5d27032149", size = 1426673, upload-time = "2026-10-07T19:24:26.443Z" },
    { url = "https://files.pythonhosted.org/packages/0a/39/3e3d12e2f5fb9553c5ffccf79b9899ad5389d803e41617374737fda9b16a/fable_library-5.20.0-cp313-cp313-manylinux_2_5_i686.manylinux1_i686.whl", hash = "sha256:638aa9e6bcef1b150f4153315160a7696fd17ac227c9562146f19a7fd163a6e9", size = 1455072, upload-time = "2026-10-07T19:24:27.787Z" },
    { url = "https://files.pythonhosted.org/packages/e9/8c/62751a8b4c7f6b0ca1ddfd3b73f1c89594ad024af746029e8cd75cdb41b7/fable_library-5.20.0-cp313-cp313-musllinux_1_2_aarch64.whl", hash = "sha256:7299c910f92f27075569ba7d144388e64017256dc746b218bed927aff2a6f6df", size = 1532844, upload-time = "2026-10-07T19:24:29.4Z" },
    { url = "https://files.pythonhosted.org/packages/0d/a8/f87f8840da6dfb97539e755f142efbcd4e94baf602c4724fac149696fcf2/fable_library-5.20.0-cp313-cp313-musllinux_1_2_armv7l.whl", hash = "sha256:068728ed7b261180a4e41fff0ae7c24987462f5691233d653cdc7c58cdb4f881", size = 1613153, upload-time = "2026-10-07T19:24:30.609Z" },
    { url = "https://files.pythonhosted.org/packages/11/b3/a9fdb2cc71ae36625154e6230dd25d725baedd3a9da66f2a35c0adb60e28/fable_library-5.20.0-cp313-cp313-musllinux_1_2_i686.whl", hash = "sha256:a89aadd0e9aacc2ba19efe81964fb3541f66e8714803cb4ccb6b92e12707b0e5", size = 1639779, upload-time = "2026-10-07T19:24:32.096Z" },
    { url = "https://files.pythonhosted.org/packages/5e/5c/71ca69e1ddc477f25a5f52f33fd8151c5db933de4c238bcda5795441eca6/fable_library-5.20.0-cp313-cp313-musllinux_1_2_x86_64.whl", hash = "sha256:fd9bfba7d7fa6846a52a3829847bbe86818e0472ef9154a5b669892975f03bba", size = 1653037, upload-time = "2026-10-07T19:24:33.551Z" },
    { url = "https://files.pythonhosted.org/packages/4e/cf/9a77128bd39f13de243f70bde475d6a1b90d8848dc8454f517b8b2191f23/fable_library-5.20.0-cp313-cp313-win_amd64.whl", hash = "sha256:48206f76e82b0d02498441482249274bbee3514f881a74748ad6f1189b0c82b5", size = 1424105, upload-time = "2026-10-07T19:24:34.883Z" },
    { url = "https://files.pythonhosted.org/packages/49/ea/9857d6ec641215dca309d486c13c685379db193d62140968dc660b2f7427/fable_library-5.20.0-cp314-cp314-macosx_10_12_x86_64.whl", hash = "sha256:7a04f941dc97086b8fe23e224ce26e99a589accaa82bc42720aab4e130de1577", size = 1409381, upload-time = "2026-10-07T19:24:36.251Z" },
    { url = "https://files.pythonhosted.org/packages/db/d8/1d3659f337611f906da86ca8106d7b4e2c3035e3a773ae9982c40542a78f/fable_library-5.20.0-cp314-cp314-macosx_11_0_arm64.whl", hash = "sha256:94013816261225bd391dfaa77e50f82494a6cfe7043dedc4127cf559f75b0aff", size = 1315033, upload-time = "2026-10-07T19:24:37.618Z" },
    { url = "https://files.pythonhosted.org/packages/39/f0/db07443d6cbd77b1d732ec3aafba8e252c535db5d9d62a074999fd459aa8/fable_library-5.20.0-cp314-cp314-manylinux_2_17_aarch64.manylinux2014_aarch64.whl", hash = "sha256:4c344eeb77ddbdef16a0c86facf5e84f3c699809bede49813c54d4b12ec967a6", size = 1353372, upload-time = "2026-10-07T19:24:38.994Z" },
    { url = "https://files.pythonhosted.org/packages/e0/57/d3a1c61653753e6a60b05a38b408a0e0084c9026c3062a6099dab1ca525c/fable_library-5.20.0-cp314-cp314-manylinux_2_17_armv7l.manylinux2014_armv7l.whl", hash = "sha256:960b6cb402a82a6e782f637d02d22bed798d639122ed7c660cdce14f3d6d6edc", size = 1336325, upload-time = "2026-10-07T19:24:40.842Z" },
    { url = "https://files.pythonhosted.org/packages/62/aa/b07e52ce28350c77bcb3fc39291ae3d06a055a2acd521978ce21dce889f6/fable_library-5.20.0-cp314-cp314-manylinux_2_17_ppc64le.manylinux2014_ppc64le.whl", hash = "sha256:1bb7ff803fabb4406f0dcf54a52c463f573fb303254b765c7ffacefaa23d5991", size = 1477594, upload-time = "2026-10-07T19:24:42.307Z" },
    { url = "https://files.pythonhosted.org/packages/b4/1b/ff3ece0033c8506cc2be7247a94bc48585f6486e7e77e2f09b6e477af930/fable_library-5.20.0-cp314-cp314-manylinux_2_17_s390x.manylinux2014_s390x.whl", hash = "sha256:53eea51f349411bc3f6992fd4478f19c6cee599e503bfce9d23a75d7c3952fc7", size = 1502648, upload-time = "2026-10-07T19:24:43.589Z" },
    { url = "https://files.pythonhosted.org/packages/8b/1a/17df484530538a2d838dda053fd372fcd08ca653e4935eac206ef04c9d9c/fable_library-5.20.0-cp314-cp314-manylinux_2_17_x86_64.manylinux2014_x86_64.whl", hash = "sha256:5c8b345b9ee771c8dcfeca272c4b839a1d97e18feb6b2ebd8874f45182816598", size = 1427704, upload-time = "2026-10-07T19:24:44.968Z" },
    { url = "https://files.pythonhosted.org/packages/24/5f/578cb984c9b33169a3fcf4c6a5e7ff46238ad78e1be8e3554a0b17dbad33/fable_library-5.20.0-cp314-cp314-manylinux_2_5_i686.manylinux1_i686.whl", hash = "sha256:0ac20bae56fc8bf433fef00712d80005a7fdd39ac0e2ba88ffb6d241b0db6975", size = 1456108, upload-time = "2026-10-07T19:24:46.353Z" },
    { url = "https://files.pythonhosted.org/packages/11/c1/155b47fed0c54f6ae0eb9d5a11b37314c6757d7f9264525cfbda95ff86df/fable_library-5.20.0-cp314-cp314-musllinux_1_2_aarch64.whl", hash = "sha256:44395d698b297d713918c47d3f93ca69f40d325d5a75971920de716160886112", size = 1532947, upload-time = "2026-10-07T19:24:47.852Z" },
    { url = "https://files.pythonhosted.org/packages/26/77/8e65028860a3a485d364f2e9cb98f0a5ea5254cbdc7881f51ccfc101ec99/fable_library-5.20.0-cp314-cp314-musllinux_1_2_armv7l.whl", hash = "sha256:b64f282cfe0647502014179e797d0a671b8312a22e3a8f58dd453cf0de3b2ac6", size = 1613436, upload-time = "2026-10-07T19:24:49.29Z" },
    { url = "https://files.pythonhosted.org/packages/a7/91/ac73344253b251eb4adfc821f44424dde2f4264b78a13a28e5d4542a0e09/fable_library-5.20.0-cp314-cp314-musllinux_1_2_i686.whl", hash = "sha256:0aa8149589eabe2359f88cbfba0f2ea6f25111be1b3a3059f3bcc958b9ece57f", size = 1640423, upload-time = "2026-10-07T19:24:50.623Z" },
    { url = "https://files.pythonhosted.org/packages/af/58/2f3530da6b52921b6ffb97f998eab668e3f4a80bf855249c3cf397ec7673/fable_library-5.20.0-cp314-cp314-musllinux_1_2_x86_64.whl", hash = "sha256:c85016cd58f9b1e004cc73bdbb12c54a7243e9a390abc83739ea9ef9e50ecd93", size = 1654267, upload-time = "2026-10-07T19:24:51.951Z" },
    { url = "https://files.pythonhosted.org/packages/9f/af/d2c7907359b79027f18e783c2aea6fbe255f9cdeefdf0990caaad1cb2eae/fable_library-5.20.0-cp314-cp314-win32.whl", hash = "sha256:42d4a4f9457965ea5e6e8eec1ee9af7c6e797dd9db0acabe9384dbf6018717ee", size = 1272901, upload-time = "2026-10-07T19:24:53.256Z" },
    { url = "https://files.pythonhosted.org/packages/3f/a7/cf750a16e457a8742a60a69a75dc152d84ed32d4679e5de93afc8d2ba923/fable_library-5.20.0-cp314-cp314-win_amd64.whl", hash = "sha256:2459d92a29861daa47932d42b9a49977072ac332c134a2db43d2796720663a55", size = 1422801, upload-time = "2026-10-07T19:24:54.553Z" },
    { url = "https://files.pythonhosted.org/packages/6d/a1/833471d38aac5125baba25713dc7223c43b0c40debebb70506a756980653/fable_library-5.20.0-cp314-cp314t-manylinux_2_17_aarch64.manylinux2014_aarch64.whl", hash = "sha256:3e3dac1e26946b0af60434173bb99b8ccb9be7fc74dd8616a0e54b31b3623001", size = 1357901, upload-time = "2026-10-07T19:24:55.836Z" },
    { url = "https://files.pythonhosted.org/packages/26/ab/03477b3374e3629c7c61ca00ed181ad868f74f45585a07752dfde3669cb0/fable_library-5.20.0-cp314-cp314t-manylinux_2_17_armv7l.manylinux2014_armv7l.whl", hash = "sha256:9a002ade4239208b5339b64cf2077c19e08a521bd046a622d7668805ae56a6ea", size = 1336928, upload-time = "2026-10-07T19:24:57.28Z" },
    { url = "https://files.pythonhosted.org/packages/5c/ac/fb7dfc503fb7bc78fc6bbdf27c038cb187bd922275ce8db7b12a469b96ba/fable_library-5.20.0-cp314-cp314t-manylinux_2_17_ppc64le.manylinux2014_ppc64le.whl", hash = "sha256:2fe823224930b48023b0a1ec5e73bcdef447e75962b7b482aec0c6c7543f0b0f", size = 1484663, upload-time = "2026-10-07T19:24:58.664Z" },
    { url = "https://files.pythonhosted.org/packages/5a/14/1d8bf70266ef689982be587bc1952df05711a72feff989335a55600e86dc/fable_library-5.20.0-cp314-cp314t-manylinux_2_17_s390x.manylinux2014_s390x.whl", hash = "sha256:664eb37ed462f73b962e0b4e8bd4cb74398444d0064d114f3125daf237b2f35b", size = 1508936, upload-time = "2026-10-07T19:25:00.106Z" },
    { url = "https://files.pythonhosted.org/packages/4c/b9/104ade01570d0a48ef44cfaa808f73686325256927055a5422e40d260698/fable_library-5.20.0-cp314-cp314t-manylinux_2_17_x86_64.manylinux2014_x86_64.whl", hash = "sha256:308bafd52c146440cd009f120a85af5aa2bc9305f9ff960d89727781713b45af", size = 1433339, upload-time = "2026-10-07T19:25:01.561Z" },
    { url = "https://files.pythonhosted.org/packages/c6/41/0fb962ae656ab632d30317891d02b7c2953aed087921b53be6d46828bc7d/fable_library-5.20.0-cp314-cp314t-manylinux_2_5_i686.manylinux1_i686.whl", hash = "sha256:43d0d11d8522474774cae83450590a0c5ed184136140241d5e25cad6863297bb", size = 1459854, upload-time = "2026-10-07T19:25:03.042Z" },
    { url = "https://files.pythonhosted.org/packages/f9/93/3efe6072aacca9e3c83548e56f3942b065d53b88d1759e5ee5e15efebcf4/fable_library-5.20.0-cp314-cp314t-musllinux_1_2_aarch64.whl", hash = "sha256:10a362dc1f9489a1a49ad428e1df5f41d63c90ffb3e2d166881f7a392a12c40a", size = 1536798, upload-time = "2026-10-07T19:25:04.442Z" },
    { url = "https://files.pythonhosted.org/packages/1c/16/dce645517db18c5c240211fb86f4d5b25dd2bed86c44ce6b6d1fb6da6bdf/fable_library-5.20.0-cp314-cp314t-musllinux_1_2_armv7l.whl", hash = "sha256:19276d4d62bc3f5886361562a769f0f0fdcd656defa627fcc3d237c17e0c32c1", size = 1614056, upload-time = "2026-10-07T19:25:05.982Z" },
    { url = "https://files.pythonhosted.org/packages/73/70/281155eaf45dd6a279719bc8e26dc77bafe2ccc68e8121737e77562c0580/fable_library-5.20.0-cp314-cp314t-musllinux_1_2_i686.whl", hash = "sha256:c4c8dfcf2e43477bda501eb70de9fe72a860f4b42552da74c7fc4428c715c55c", size = 1648575, upload-time = "2026-10-07T19:25:07.914Z" },
    { url = "https://files.pythonhosted.org/packages/34/39/900d01ccd07d8ca9e04cd7ababf61ef6eb4a726527df42edd7e47f968c2c/fable_library-5.20.0-cp314-cp314t-musllinux_1_2_x86_64.whl", hash = "sha256:f7c284a4fcfd70aa12825a04dba618c4be0464916c93d757668303d12f6dbf90", size = 1661981, upload-time = "2026-10-07T19:25:09.661Z" },
    { url = "https://files.pythonhosted.org/packages/fc/ab/2cd2dabe3c4e2637f059696eacc91f4a1cddee55d0881653ab0d83985ba3/fable_library-5.20.0-cp315-cp315-manylinux_2_17_x86_64.manylinux2014_x86_64.whl", hash = "sha256:fd3db710267c896c1e4da0245bd4e225694112c04a6ce770f064f525ad15a35f", size = 1427524, upload-time = "2026-10-07T19:25:11.304Z" },
    { url = "https://files.pythonhosted.org/packages/16/c1/90d6df951464147ae4de031f2d3ca18ad004285a682f3a718bf99050c94b/fable_library-5.20.0-cp315-cp315-manylinux_2_5_i686.manylinux1_i686.whl", hash = "sha256:d511bac7fc9e1ed78b8762acf6a2de63788a2c94fbf80509a8551df8fc8ce2b0", size = 1456400, upload-time = "2026-10-07T19:25:12.736Z" },
    { url = "https://files.pythonhosted.org/packages/be/18/b069f9e5ae8f572eccaefe1062f940dea8b7b8dbf42829efab2253875a39/fable_library-5.20.0-cp315-cp315t-manylinux_2_17_x86_64.manylinux2014_x86_64.whl", hash = "sha256:01d4fb7363204ef55694eb8cbeff37342a5c8fd3aed0bab0df802145f92faa12", size = 1433375, upload-time = "2026-10-07T19:25:14.105Z" },
    { url = "https://files.pythonhosted.org/packages/57/c8/2939792c7689edbe09fe1f4542a216199dc8049ff674bad08ce948e0b2cf/fable_library-5.20.0-cp315-cp315t-manylinux_2_5_i686.manylinux1_i686.whl", hash = "sha256:0fe71c28a143120d421fd3d7cc783535dde071dfe9b6ef6e386c17280871a2c7", size = 1460078, upload-time = "2026-10-07T19:25:15.543Z" },
]

[[package]]
name = "timeflies-python"
version = "0.1.0"
source = { virtual = "." }
dependencies = [
    { name = "fable-library" },
    { name = "tk" },
]

[package.metadata]
requires-dist = [
    { name = "fable-library", specifier = ">=5.20.0" },
    { name = "tk", specifier = ">=0.1.0" },
]

[[package]]
name = "tk"
version = "0.1.0"
source = { registry = "https://pypi.org/simple" }
sdist = { url = "https://files.pythonhosted.org/packages/a0/81/742b342fd642e672fbedecde725ba44db44e800dc4c936216c3c6729885a/tk-0.1.0.tar.gz", hash = "sha256:60bc8923d5d35f67f5c6bd93d4f0c49d2048114ec077768f959aef36d4ed97f8", size = 2247, upload-time = "2019-07-08T06:51:58.051Z" }
wheels = [
    { url = "https://files.pythonhosted.org/packages/1e/0b/029cbdb868bb555fed99bf6540fff072d500b3f895873709f25084e85e33/tk-0.1.0-py3-none-any.whl", hash = "sha256:703a69ff0d5ba2bd2f7440582ad10160e4a6561595d33457dc6caa79b9bf4930", size = 3879, upload-time = "2019-07-08T06:51:55.175Z" },
]
